// !$*UTF8*$!
{
	archiveVersion = 1;
	classes = {
	};
	objectVersion = 55;
	objects = {

/* Begin PBXBuildFile section */
		790C30C227C78E930021658F /* GreedAndFearModel.swift in Sources */ = {isa = PBXBuildFile; fileRef = 790C30C127C78E930021658F /* GreedAndFearModel.swift */; };
		790C30C527CEA7620021658F /* UserDefaultsManager.swift in Sources */ = {isa = PBXBuildFile; fileRef = 790C30C427CEA7620021658F /* UserDefaultsManager.swift */; };
		790C30C827CEAA200021658F /* DataModel.xcdatamodeld in Sources */ = {isa = PBXBuildFile; fileRef = 790C30C627CEAA200021658F /* DataModel.xcdatamodeld */; };
		792B0FC3287B3C6C0040B461 /* WatchlistVC.swift in Sources */ = {isa = PBXBuildFile; fileRef = 792B0FC2287B3C6C0040B461 /* WatchlistVC.swift */; };
		792B0FC5287C85EF0040B461 /* WatchlistVM.swift in Sources */ = {isa = PBXBuildFile; fileRef = 792B0FC4287C85EF0040B461 /* WatchlistVM.swift */; };
		792B0FC7287F03080040B461 /* MainTabBarController.swift in Sources */ = {isa = PBXBuildFile; fileRef = 792B0FC6287F03080040B461 /* MainTabBarController.swift */; };
		792C040628C14386008EE48C /* CoinDetailsVM.swift in Sources */ = {isa = PBXBuildFile; fileRef = 792C040528C14386008EE48C /* CoinDetailsVM.swift */; };
		792C040928C9E62B008EE48C /* RangeProgressView.swift in Sources */ = {isa = PBXBuildFile; fileRef = 792C040828C9E62B008EE48C /* RangeProgressView.swift */; };
		792C040B28CE2941008EE48C /* DetailsTableViewCell.swift in Sources */ = {isa = PBXBuildFile; fileRef = 792C040A28CE2941008EE48C /* DetailsTableViewCell.swift */; };
		792C040D28D32D5D008EE48C /* SingleCoinModel.swift in Sources */ = {isa = PBXBuildFile; fileRef = 792C040C28D32D5D008EE48C /* SingleCoinModel.swift */; };
		79326299280423E1005E4D2E /* HoldingsTableViewCell.swift in Sources */ = {isa = PBXBuildFile; fileRef = 79326297280423E1005E4D2E /* HoldingsTableViewCell.swift */; };
		793262C128061136005E4D2E /* GraphEntries.swift in Sources */ = {isa = PBXBuildFile; fileRef = 793262C028061135005E4D2E /* GraphEntries.swift */; };
		7934EFA4282A824E00CE7FD0 /* ResultsTableViewCell.swift in Sources */ = {isa = PBXBuildFile; fileRef = 7934EFA3282A824E00CE7FD0 /* ResultsTableViewCell.swift */; };
		7934EFA6282D141B00CE7FD0 /* SearchResponse.swift in Sources */ = {isa = PBXBuildFile; fileRef = 7934EFA5282D141B00CE7FD0 /* SearchResponse.swift */; };
		7934EFA82835172200CE7FD0 /* UIView+AddSubviews.swift in Sources */ = {isa = PBXBuildFile; fileRef = 7934EFA72835172200CE7FD0 /* UIView+AddSubviews.swift */; };
		7934EFAA28352A1A00CE7FD0 /* UIImageView+SetImage.swift in Sources */ = {isa = PBXBuildFile; fileRef = 7934EFA928352A1A00CE7FD0 /* UIImageView+SetImage.swift */; };
		7934EFB6283E45A700CE7FD0 /* HoldingPerfomanceModel.swift in Sources */ = {isa = PBXBuildFile; fileRef = 7934EFB5283E45A700CE7FD0 /* HoldingPerfomanceModel.swift */; };
		7934EFB8283E4AB800CE7FD0 /* PortfolioPerfomanceModel.swift in Sources */ = {isa = PBXBuildFile; fileRef = 7934EFB7283E4AB800CE7FD0 /* PortfolioPerfomanceModel.swift */; };
		7934EFBA2841600A00CE7FD0 /* CustomProgressBar.swift in Sources */ = {isa = PBXBuildFile; fileRef = 7934EFB92841600A00CE7FD0 /* CustomProgressBar.swift */; };
		7937CE1B28F5E40100B80C71 /* PPGreedAndFearBar.swift in Sources */ = {isa = PBXBuildFile; fileRef = 7937CE1A28F5E40100B80C71 /* PPGreedAndFearBar.swift */; };
		7937CE1E28F6E30600B80C71 /* SearchVM.swift in Sources */ = {isa = PBXBuildFile; fileRef = 7937CE1D28F6E30600B80C71 /* SearchVM.swift */; };
		7941060A27DA0A11009B4B8C /* SF-Pro-Italic.ttf in Resources */ = {isa = PBXBuildFile; fileRef = 7941060827DA0A10009B4B8C /* SF-Pro-Italic.ttf */; };
		7941060B27DA0A11009B4B8C /* SF-Pro.ttf in Resources */ = {isa = PBXBuildFile; fileRef = 7941060927DA0A11009B4B8C /* SF-Pro.ttf */; };
		7941061227E0D84F009B4B8C /* DateFormatter.swift in Sources */ = {isa = PBXBuildFile; fileRef = 7941061127E0D84F009B4B8C /* DateFormatter.swift */; };
		79410D8D2823D3E700BD9EA4 /* UIView+Framing.swift in Sources */ = {isa = PBXBuildFile; fileRef = 79410D8C2823D3E700BD9EA4 /* UIView+Framing.swift */; };
		79410D8F282416C000BD9EA4 /* SearchVC.swift in Sources */ = {isa = PBXBuildFile; fileRef = 79410D8E282416C000BD9EA4 /* SearchVC.swift */; };
		7955694928773472003E8A13 /* SortOptionsCollectionViewCell.swift in Sources */ = {isa = PBXBuildFile; fileRef = 7955694828773472003E8A13 /* SortOptionsCollectionViewCell.swift */; };
		7961C37428EB2A010006B9A7 /* PPErrors.swift in Sources */ = {isa = PBXBuildFile; fileRef = 7961C37328EB2A010006B9A7 /* PPErrors.swift */; };
		796EFA1E284771C3005E24AF /* Floating label.swift in Sources */ = {isa = PBXBuildFile; fileRef = 796EFA1D284771C3005E24AF /* Floating label.swift */; };
		796EFA27285A1FF9005E24AF /* CircularProgressBar.swift in Sources */ = {isa = PBXBuildFile; fileRef = 796EFA26285A1FF9005E24AF /* CircularProgressBar.swift */; };
		796EFA2F285B8B64005E24AF /* MarketCardsCollectionViewCell.swift in Sources */ = {isa = PBXBuildFile; fileRef = 796EFA2E285B8B64005E24AF /* MarketCardsCollectionViewCell.swift */; };
		796EFA3128690062005E24AF /* MarketCardCellModel.swift in Sources */ = {isa = PBXBuildFile; fileRef = 796EFA3028690062005E24AF /* MarketCardCellModel.swift */; };
		796EFA3328697A91005E24AF /* MarketCardsCellVM.swift in Sources */ = {isa = PBXBuildFile; fileRef = 796EFA3228697A90005E24AF /* MarketCardsCellVM.swift */; };
		796EFA3A286DDD60005E24AF /* ObservableObject.swift in Sources */ = {isa = PBXBuildFile; fileRef = 796EFA39286DDD60005E24AF /* ObservableObject.swift */; };
		796EFA4128733AF2005E24AF /* NetworkingManager.swift in Sources */ = {isa = PBXBuildFile; fileRef = 796EFA4028733AF2005E24AF /* NetworkingManager.swift */; };
		796EFA452876F076005E24AF /* MarketTableCellVM.swift in Sources */ = {isa = PBXBuildFile; fileRef = 796EFA442876F076005E24AF /* MarketTableCellVM.swift */; };
		796EFA4928770D26005E24AF /* CryptoCurrenciesTableViewCell.swift in Sources */ = {isa = PBXBuildFile; fileRef = 796EFA4828770D26005E24AF /* CryptoCurrenciesTableViewCell.swift */; };
		79807A7028ECBA01000825B0 /* LineChartView+Configure.swift in Sources */ = {isa = PBXBuildFile; fileRef = 79807A6F28ECBA01000825B0 /* LineChartView+Configure.swift */; };
		7982923227E673E6007ECCCD /* UIColor+CustomColors.swift in Sources */ = {isa = PBXBuildFile; fileRef = 7982923127E673E6007ECCCD /* UIColor+CustomColors.swift */; };
		7982923427E678A5007ECCCD /* Double+FormatedString.swift in Sources */ = {isa = PBXBuildFile; fileRef = 7982923327E678A5007ECCCD /* Double+FormatedString.swift */; };
		7982923627E67ABB007ECCCD /* Date+FormatedString.swift in Sources */ = {isa = PBXBuildFile; fileRef = 7982923527E67ABB007ECCCD /* Date+FormatedString.swift */; };
		7986A50928E5A3B900332A48 /* UIView+Fading.swift in Sources */ = {isa = PBXBuildFile; fileRef = 7986A50828E5A3B900332A48 /* UIView+Fading.swift */; };
		798957C227F31AE00074CA38 /* GlobalData.swift in Sources */ = {isa = PBXBuildFile; fileRef = 798957C127F31AE00074CA38 /* GlobalData.swift */; };
		798957C827F479DD0074CA38 /* UIView+Shadow.swift in Sources */ = {isa = PBXBuildFile; fileRef = 798957C727F479DD0074CA38 /* UIView+Shadow.swift */; };
		79895E9028DB758600087A23 /* MetricsVM.swift in Sources */ = {isa = PBXBuildFile; fileRef = 79895E8F28DB758600087A23 /* MetricsVM.swift */; };
		79895E9428DB773700087A23 /* RangeDetailsVM.swift in Sources */ = {isa = PBXBuildFile; fileRef = 79895E9328DB773700087A23 /* RangeDetailsVM.swift */; };
		79C2109627EB5523001B2D80 /* CoinPriceOnGivenDate.swift in Sources */ = {isa = PBXBuildFile; fileRef = 79C2109527EB5523001B2D80 /* CoinPriceOnGivenDate.swift */; };
		79CF41BF28EEFF7E00CA9F51 /* MarketVMl.swift in Sources */ = {isa = PBXBuildFile; fileRef = 79CF41BE28EEFF7E00CA9F51 /* MarketVMl.swift */; };
		79D5B8E428EDB85100178402 /* PPAlertVC.swift in Sources */ = {isa = PBXBuildFile; fileRef = 79D5B8E328EDB85100178402 /* PPAlertVC.swift */; };
		79D5B8E628EEDABC00178402 /* UIViewController+ShowAlert.swift in Sources */ = {isa = PBXBuildFile; fileRef = 79D5B8E528EEDABC00178402 /* UIViewController+ShowAlert.swift */; };
		79D5B8E828EEE3FF00178402 /* PPButton.swift in Sources */ = {isa = PBXBuildFile; fileRef = 79D5B8E728EEE3FF00178402 /* PPButton.swift */; };
		79D5C6D328DC75060018B133 /* DetailsTableCellVM.swift in Sources */ = {isa = PBXBuildFile; fileRef = 79D5C6D228DC75060018B133 /* DetailsTableCellVM.swift */; };
		79E7A21728E5FAF000BD5CB0 /* MarketVC.swift in Sources */ = {isa = PBXBuildFile; fileRef = 79E7A21628E5FAF000BD5CB0 /* MarketVC.swift */; };
		79E7A22828E605BB00BD5CB0 /* CoinDetailsVC.swift in Sources */ = {isa = PBXBuildFile; fileRef = 79E7A22728E605BB00BD5CB0 /* CoinDetailsVC.swift */; };
		79EAFD1A27B3DCDA008A6062 /* AppDelegate.swift in Sources */ = {isa = PBXBuildFile; fileRef = 79EAFD1927B3DCDA008A6062 /* AppDelegate.swift */; };
		79EAFD1C27B3DCDA008A6062 /* SceneDelegate.swift in Sources */ = {isa = PBXBuildFile; fileRef = 79EAFD1B27B3DCDA008A6062 /* SceneDelegate.swift */; };
		79EAFD2627B3DCDE008A6062 /* Assets.xcassets in Resources */ = {isa = PBXBuildFile; fileRef = 79EAFD2527B3DCDE008A6062 /* Assets.xcassets */; };
		79EAFD2927B3DCDE008A6062 /* LaunchScreen.storyboard in Resources */ = {isa = PBXBuildFile; fileRef = 79EAFD2727B3DCDE008A6062 /* LaunchScreen.storyboard */; };
		79EAFD3527B3FDC8008A6062 /* CoinModel.swift in Sources */ = {isa = PBXBuildFile; fileRef = 79EAFD3427B3FDC7008A6062 /* CoinModel.swift */; };
		79EC45B528F0B9DC006A849A /* PPSegmentedControl.swift in Sources */ = {isa = PBXBuildFile; fileRef = 79EC45B428F0B9DC006A849A /* PPSegmentedControl.swift */; };
		7D0B06BAD8E02CC99B5C7BB5 /* Pods_PortfolioPerformance.framework in Frameworks */ = {isa = PBXBuildFile; fileRef = 5BDECDAA83ECC22DF03AB629 /* Pods_PortfolioPerformance.framework */; };
/* End PBXBuildFile section */

/* Begin PBXFileReference section */
		16F6ACFC027E269968DA0AFF /* Pods-PortfolioPerformance.release.xcconfig */ = {isa = PBXFileReference; includeInIndex = 1; lastKnownFileType = text.xcconfig; name = "Pods-PortfolioPerformance.release.xcconfig"; path = "Target Support Files/Pods-PortfolioPerformance/Pods-PortfolioPerformance.release.xcconfig"; sourceTree = "<group>"; };
		5BDECDAA83ECC22DF03AB629 /* Pods_PortfolioPerformance.framework */ = {isa = PBXFileReference; explicitFileType = wrapper.framework; includeInIndex = 0; path = Pods_PortfolioPerformance.framework; sourceTree = BUILT_PRODUCTS_DIR; };
		790C30C127C78E930021658F /* GreedAndFearModel.swift */ = {isa = PBXFileReference; lastKnownFileType = sourcecode.swift; path = GreedAndFearModel.swift; sourceTree = "<group>"; };
		790C30C427CEA7620021658F /* UserDefaultsManager.swift */ = {isa = PBXFileReference; lastKnownFileType = sourcecode.swift; path = UserDefaultsManager.swift; sourceTree = "<group>"; };
		790C30C727CEAA200021658F /* Transaction.xcdatamodel */ = {isa = PBXFileReference; lastKnownFileType = wrapper.xcdatamodel; path = Transaction.xcdatamodel; sourceTree = "<group>"; };
		792B0FC2287B3C6C0040B461 /* WatchlistVC.swift */ = {isa = PBXFileReference; lastKnownFileType = sourcecode.swift; path = WatchlistVC.swift; sourceTree = "<group>"; };
		792B0FC4287C85EF0040B461 /* WatchlistVM.swift */ = {isa = PBXFileReference; lastKnownFileType = sourcecode.swift; path = WatchlistVM.swift; sourceTree = "<group>"; };
		792B0FC6287F03080040B461 /* MainTabBarController.swift */ = {isa = PBXFileReference; lastKnownFileType = sourcecode.swift; path = MainTabBarController.swift; sourceTree = "<group>"; };
		792C040528C14386008EE48C /* CoinDetailsVM.swift */ = {isa = PBXFileReference; lastKnownFileType = sourcecode.swift; path = CoinDetailsVM.swift; sourceTree = "<group>"; };
		792C040828C9E62B008EE48C /* RangeProgressView.swift */ = {isa = PBXFileReference; lastKnownFileType = sourcecode.swift; path = RangeProgressView.swift; sourceTree = "<group>"; };
		792C040A28CE2941008EE48C /* DetailsTableViewCell.swift */ = {isa = PBXFileReference; lastKnownFileType = sourcecode.swift; path = DetailsTableViewCell.swift; sourceTree = "<group>"; };
		792C040C28D32D5D008EE48C /* SingleCoinModel.swift */ = {isa = PBXFileReference; lastKnownFileType = sourcecode.swift; path = SingleCoinModel.swift; sourceTree = "<group>"; };
		79326297280423E1005E4D2E /* HoldingsTableViewCell.swift */ = {isa = PBXFileReference; lastKnownFileType = sourcecode.swift; path = HoldingsTableViewCell.swift; sourceTree = "<group>"; };
		793262C028061135005E4D2E /* GraphEntries.swift */ = {isa = PBXFileReference; lastKnownFileType = sourcecode.swift; path = GraphEntries.swift; sourceTree = "<group>"; };
		7934EFA3282A824E00CE7FD0 /* ResultsTableViewCell.swift */ = {isa = PBXFileReference; lastKnownFileType = sourcecode.swift; path = ResultsTableViewCell.swift; sourceTree = "<group>"; };
		7934EFA5282D141B00CE7FD0 /* SearchResponse.swift */ = {isa = PBXFileReference; lastKnownFileType = sourcecode.swift; path = SearchResponse.swift; sourceTree = "<group>"; };
		7934EFA72835172200CE7FD0 /* UIView+AddSubviews.swift */ = {isa = PBXFileReference; lastKnownFileType = sourcecode.swift; path = "UIView+AddSubviews.swift"; sourceTree = "<group>"; };
		7934EFA928352A1A00CE7FD0 /* UIImageView+SetImage.swift */ = {isa = PBXFileReference; lastKnownFileType = sourcecode.swift; path = "UIImageView+SetImage.swift"; sourceTree = "<group>"; };
		7934EFB5283E45A700CE7FD0 /* HoldingPerfomanceModel.swift */ = {isa = PBXFileReference; lastKnownFileType = sourcecode.swift; path = HoldingPerfomanceModel.swift; sourceTree = "<group>"; };
		7934EFB7283E4AB800CE7FD0 /* PortfolioPerfomanceModel.swift */ = {isa = PBXFileReference; lastKnownFileType = sourcecode.swift; path = PortfolioPerfomanceModel.swift; sourceTree = "<group>"; };
		7934EFB92841600A00CE7FD0 /* CustomProgressBar.swift */ = {isa = PBXFileReference; lastKnownFileType = sourcecode.swift; path = CustomProgressBar.swift; sourceTree = "<group>"; };
		7937CE1A28F5E40100B80C71 /* PPGreedAndFearBar.swift */ = {isa = PBXFileReference; lastKnownFileType = sourcecode.swift; path = PPGreedAndFearBar.swift; sourceTree = "<group>"; };
		7937CE1D28F6E30600B80C71 /* SearchVM.swift */ = {isa = PBXFileReference; lastKnownFileType = sourcecode.swift; path = SearchVM.swift; sourceTree = "<group>"; };
		7941060827DA0A10009B4B8C /* SF-Pro-Italic.ttf */ = {isa = PBXFileReference; lastKnownFileType = file; path = "SF-Pro-Italic.ttf"; sourceTree = "<group>"; };
		7941060927DA0A11009B4B8C /* SF-Pro.ttf */ = {isa = PBXFileReference; lastKnownFileType = file; path = "SF-Pro.ttf"; sourceTree = "<group>"; };
		7941061127E0D84F009B4B8C /* DateFormatter.swift */ = {isa = PBXFileReference; lastKnownFileType = sourcecode.swift; path = DateFormatter.swift; sourceTree = "<group>"; };
		79410D8C2823D3E700BD9EA4 /* UIView+Framing.swift */ = {isa = PBXFileReference; lastKnownFileType = sourcecode.swift; path = "UIView+Framing.swift"; sourceTree = "<group>"; };
		79410D8E282416C000BD9EA4 /* SearchVC.swift */ = {isa = PBXFileReference; lastKnownFileType = sourcecode.swift; path = SearchVC.swift; sourceTree = "<group>"; };
		7955694828773472003E8A13 /* SortOptionsCollectionViewCell.swift */ = {isa = PBXFileReference; lastKnownFileType = sourcecode.swift; path = SortOptionsCollectionViewCell.swift; sourceTree = "<group>"; };
		7961C37328EB2A010006B9A7 /* PPErrors.swift */ = {isa = PBXFileReference; lastKnownFileType = sourcecode.swift; path = PPErrors.swift; sourceTree = "<group>"; };
		796EFA1D284771C3005E24AF /* Floating label.swift */ = {isa = PBXFileReference; lastKnownFileType = sourcecode.swift; path = "Floating label.swift"; sourceTree = "<group>"; };
		796EFA26285A1FF9005E24AF /* CircularProgressBar.swift */ = {isa = PBXFileReference; lastKnownFileType = sourcecode.swift; path = CircularProgressBar.swift; sourceTree = "<group>"; };
		796EFA2E285B8B64005E24AF /* MarketCardsCollectionViewCell.swift */ = {isa = PBXFileReference; lastKnownFileType = sourcecode.swift; path = MarketCardsCollectionViewCell.swift; sourceTree = "<group>"; };
		796EFA3028690062005E24AF /* MarketCardCellModel.swift */ = {isa = PBXFileReference; lastKnownFileType = sourcecode.swift; path = MarketCardCellModel.swift; sourceTree = "<group>"; };
		796EFA3228697A90005E24AF /* MarketCardsCellVM.swift */ = {isa = PBXFileReference; lastKnownFileType = sourcecode.swift; path = MarketCardsCellVM.swift; sourceTree = "<group>"; };
		796EFA39286DDD60005E24AF /* ObservableObject.swift */ = {isa = PBXFileReference; lastKnownFileType = sourcecode.swift; path = ObservableObject.swift; sourceTree = "<group>"; };
		796EFA4028733AF2005E24AF /* NetworkingManager.swift */ = {isa = PBXFileReference; lastKnownFileType = sourcecode.swift; path = NetworkingManager.swift; sourceTree = "<group>"; };
		796EFA442876F076005E24AF /* MarketTableCellVM.swift */ = {isa = PBXFileReference; lastKnownFileType = sourcecode.swift; path = MarketTableCellVM.swift; sourceTree = "<group>"; };
		796EFA4828770D26005E24AF /* CryptoCurrenciesTableViewCell.swift */ = {isa = PBXFileReference; lastKnownFileType = sourcecode.swift; path = CryptoCurrenciesTableViewCell.swift; sourceTree = "<group>"; };
		79807A6F28ECBA01000825B0 /* LineChartView+Configure.swift */ = {isa = PBXFileReference; lastKnownFileType = sourcecode.swift; path = "LineChartView+Configure.swift"; sourceTree = "<group>"; };
		7982923127E673E6007ECCCD /* UIColor+CustomColors.swift */ = {isa = PBXFileReference; lastKnownFileType = sourcecode.swift; path = "UIColor+CustomColors.swift"; sourceTree = "<group>"; };
		7982923327E678A5007ECCCD /* Double+FormatedString.swift */ = {isa = PBXFileReference; lastKnownFileType = sourcecode.swift; path = "Double+FormatedString.swift"; sourceTree = "<group>"; };
		7982923527E67ABB007ECCCD /* Date+FormatedString.swift */ = {isa = PBXFileReference; lastKnownFileType = sourcecode.swift; path = "Date+FormatedString.swift"; sourceTree = "<group>"; };
		7986A50828E5A3B900332A48 /* UIView+Fading.swift */ = {isa = PBXFileReference; lastKnownFileType = sourcecode.swift; path = "UIView+Fading.swift"; sourceTree = "<group>"; };
		798957C127F31AE00074CA38 /* GlobalData.swift */ = {isa = PBXFileReference; lastKnownFileType = sourcecode.swift; path = GlobalData.swift; sourceTree = "<group>"; };
		798957C727F479DD0074CA38 /* UIView+Shadow.swift */ = {isa = PBXFileReference; lastKnownFileType = sourcecode.swift; path = "UIView+Shadow.swift"; sourceTree = "<group>"; };
		79895E8F28DB758600087A23 /* MetricsVM.swift */ = {isa = PBXFileReference; lastKnownFileType = sourcecode.swift; path = MetricsVM.swift; sourceTree = "<group>"; };
		79895E9328DB773700087A23 /* RangeDetailsVM.swift */ = {isa = PBXFileReference; lastKnownFileType = sourcecode.swift; path = RangeDetailsVM.swift; sourceTree = "<group>"; };
		79C2109527EB5523001B2D80 /* CoinPriceOnGivenDate.swift */ = {isa = PBXFileReference; lastKnownFileType = sourcecode.swift; path = CoinPriceOnGivenDate.swift; sourceTree = "<group>"; };
		79CF41BE28EEFF7E00CA9F51 /* MarketVMl.swift */ = {isa = PBXFileReference; lastKnownFileType = sourcecode.swift; path = MarketVMl.swift; sourceTree = "<group>"; };
		79D5B8E328EDB85100178402 /* PPAlertVC.swift */ = {isa = PBXFileReference; lastKnownFileType = sourcecode.swift; path = PPAlertVC.swift; sourceTree = "<group>"; };
		79D5B8E528EEDABC00178402 /* UIViewController+ShowAlert.swift */ = {isa = PBXFileReference; lastKnownFileType = sourcecode.swift; path = "UIViewController+ShowAlert.swift"; sourceTree = "<group>"; };
		79D5B8E728EEE3FF00178402 /* PPButton.swift */ = {isa = PBXFileReference; lastKnownFileType = sourcecode.swift; path = PPButton.swift; sourceTree = "<group>"; };
		79D5C6D228DC75060018B133 /* DetailsTableCellVM.swift */ = {isa = PBXFileReference; lastKnownFileType = sourcecode.swift; path = DetailsTableCellVM.swift; sourceTree = "<group>"; };
		79E7A21628E5FAF000BD5CB0 /* MarketVC.swift */ = {isa = PBXFileReference; fileEncoding = 4; lastKnownFileType = sourcecode.swift; path = MarketVC.swift; sourceTree = "<group>"; };
		79E7A22728E605BB00BD5CB0 /* CoinDetailsVC.swift */ = {isa = PBXFileReference; fileEncoding = 4; lastKnownFileType = sourcecode.swift; name = CoinDetailsVC.swift; path = ../../../../CoinDetailsVC.swift; sourceTree = "<group>"; };
		79EAFD1627B3DCD9008A6062 /* PortfolioPerformance.app */ = {isa = PBXFileReference; explicitFileType = wrapper.application; includeInIndex = 0; path = PortfolioPerformance.app; sourceTree = BUILT_PRODUCTS_DIR; };
		79EAFD1927B3DCDA008A6062 /* AppDelegate.swift */ = {isa = PBXFileReference; lastKnownFileType = sourcecode.swift; path = AppDelegate.swift; sourceTree = "<group>"; };
		79EAFD1B27B3DCDA008A6062 /* SceneDelegate.swift */ = {isa = PBXFileReference; lastKnownFileType = sourcecode.swift; path = SceneDelegate.swift; sourceTree = "<group>"; };
		79EAFD2527B3DCDE008A6062 /* Assets.xcassets */ = {isa = PBXFileReference; lastKnownFileType = folder.assetcatalog; path = Assets.xcassets; sourceTree = "<group>"; };
		79EAFD2827B3DCDE008A6062 /* Base */ = {isa = PBXFileReference; lastKnownFileType = file.storyboard; name = Base; path = Base.lproj/LaunchScreen.storyboard; sourceTree = "<group>"; };
		79EAFD2A27B3DCDE008A6062 /* Info.plist */ = {isa = PBXFileReference; lastKnownFileType = text.plist.xml; path = Info.plist; sourceTree = "<group>"; };
		79EAFD3427B3FDC7008A6062 /* CoinModel.swift */ = {isa = PBXFileReference; lastKnownFileType = sourcecode.swift; path = CoinModel.swift; sourceTree = "<group>"; };
		79EC45B428F0B9DC006A849A /* PPSegmentedControl.swift */ = {isa = PBXFileReference; lastKnownFileType = sourcecode.swift; path = PPSegmentedControl.swift; sourceTree = "<group>"; };
		7C51FFC2FB780C01DED1D527 /* Pods-PortfolioPerformance.debug.xcconfig */ = {isa = PBXFileReference; includeInIndex = 1; lastKnownFileType = text.xcconfig; name = "Pods-PortfolioPerformance.debug.xcconfig"; path = "Target Support Files/Pods-PortfolioPerformance/Pods-PortfolioPerformance.debug.xcconfig"; sourceTree = "<group>"; };
/* End PBXFileReference section */

/* Begin PBXFrameworksBuildPhase section */
		79EAFD1327B3DCD9008A6062 /* Frameworks */ = {
			isa = PBXFrameworksBuildPhase;
			buildActionMask = 2147483647;
			files = (
				7D0B06BAD8E02CC99B5C7BB5 /* Pods_PortfolioPerformance.framework in Frameworks */,
			);
			runOnlyForDeploymentPostprocessing = 0;
		};
/* End PBXFrameworksBuildPhase section */

/* Begin PBXGroup section */
		790C30C327CEA71A0021658F /* Supporting Files */ = {
			isa = PBXGroup;
			children = (
				79EAFD2727B3DCDE008A6062 /* LaunchScreen.storyboard */,
				79EAFD1927B3DCDA008A6062 /* AppDelegate.swift */,
				79EAFD1B27B3DCDA008A6062 /* SceneDelegate.swift */,
				7941061127E0D84F009B4B8C /* DateFormatter.swift */,
			);
			path = "Supporting Files";
			sourceTree = "<group>";
		};
		792C040728C9E5D4008EE48C /* CustomViews */ = {
			isa = PBXGroup;
			children = (
				796EFA1D284771C3005E24AF /* Floating label.swift */,
				796EFA26285A1FF9005E24AF /* CircularProgressBar.swift */,
				792C040828C9E62B008EE48C /* RangeProgressView.swift */,
				7934EFB92841600A00CE7FD0 /* CustomProgressBar.swift */,
				79D5B8E728EEE3FF00178402 /* PPButton.swift */,
				79D5B8E328EDB85100178402 /* PPAlertVC.swift */,
				79EC45B428F0B9DC006A849A /* PPSegmentedControl.swift */,
				7937CE1A28F5E40100B80C71 /* PPGreedAndFearBar.swift */,
			);
			path = CustomViews;
			sourceTree = "<group>";
		};
		7934EFA2282A72DD00CE7FD0 /* Extensions */ = {
			isa = PBXGroup;
			children = (
				7986A50A28E5B02C00332A48 /* UIView */,
				7934EFA928352A1A00CE7FD0 /* UIImageView+SetImage.swift */,
				7982923127E673E6007ECCCD /* UIColor+CustomColors.swift */,
				7982923527E67ABB007ECCCD /* Date+FormatedString.swift */,
				7982923327E678A5007ECCCD /* Double+FormatedString.swift */,
				79807A6F28ECBA01000825B0 /* LineChartView+Configure.swift */,
				79D5B8E528EEDABC00178402 /* UIViewController+ShowAlert.swift */,
			);
			path = Extensions;
			sourceTree = "<group>";
		};
		7937CE1C28F6E2DB00B80C71 /* Search */ = {
			isa = PBXGroup;
			children = (
				7937CE1D28F6E30600B80C71 /* SearchVM.swift */,
				79410D8E282416C000BD9EA4 /* SearchVC.swift */,
			);
			path = Search;
			sourceTree = "<group>";
		};
		79397C7227E1134C00B04EDA /* Custom Cells */ = {
			isa = PBXGroup;
			children = (
				79E7A22128E601C100BD5CB0 /* DetailsTableCell */,
				79E7A22028E6008400BD5CB0 /* CryptoCurrenciesTableCell */,
				79E7A21D28E5FD2800BD5CB0 /* MarketCardCell */,
				7955694828773472003E8A13 /* SortOptionsCollectionViewCell.swift */,
				79326297280423E1005E4D2E /* HoldingsTableViewCell.swift */,
				7934EFA3282A824E00CE7FD0 /* ResultsTableViewCell.swift */,
			);
			path = "Custom Cells";
			sourceTree = "<group>";
		};
		79410D8A2822938100BD9EA4 /* Managers */ = {
			isa = PBXGroup;
			children = (
				790C30C427CEA7620021658F /* UserDefaultsManager.swift */,
				796EFA4028733AF2005E24AF /* NetworkingManager.swift */,
			);
			path = Managers;
			sourceTree = "<group>";
		};
		7961C37528EB2A0D0006B9A7 /* Helpers */ = {
			isa = PBXGroup;
			children = (
				7961C37328EB2A010006B9A7 /* PPErrors.swift */,
				796EFA39286DDD60005E24AF /* ObservableObject.swift */,
			);
			path = Helpers;
			sourceTree = "<group>";
		};
		7982922F27E3D829007ECCCD /* Views */ = {
			isa = PBXGroup;
			children = (
				792C040728C9E5D4008EE48C /* CustomViews */,
				79397C7227E1134C00B04EDA /* Custom Cells */,
			);
			path = Views;
			sourceTree = "<group>";
		};
		7982923027E3D87C007ECCCD /* Models */ = {
			isa = PBXGroup;
			children = (
				790C30C127C78E930021658F /* GreedAndFearModel.swift */,
				798957C127F31AE00074CA38 /* GlobalData.swift */,
				79EAFD3427B3FDC7008A6062 /* CoinModel.swift */,
				79C2109527EB5523001B2D80 /* CoinPriceOnGivenDate.swift */,
				793262C028061135005E4D2E /* GraphEntries.swift */,
				7934EFA5282D141B00CE7FD0 /* SearchResponse.swift */,
				792C040C28D32D5D008EE48C /* SingleCoinModel.swift */,
				7934EFB5283E45A700CE7FD0 /* HoldingPerfomanceModel.swift */,
				7934EFB7283E4AB800CE7FD0 /* PortfolioPerfomanceModel.swift */,
				796EFA3028690062005E24AF /* MarketCardCellModel.swift */,
			);
			path = Models;
			sourceTree = "<group>";
		};
		7986A50A28E5B02C00332A48 /* UIView */ = {
			isa = PBXGroup;
			children = (
				79410D8C2823D3E700BD9EA4 /* UIView+Framing.swift */,
				798957C727F479DD0074CA38 /* UIView+Shadow.swift */,
				7986A50828E5A3B900332A48 /* UIView+Fading.swift */,
				7934EFA72835172200CE7FD0 /* UIView+AddSubviews.swift */,
			);
			path = UIView;
			sourceTree = "<group>";
		};
		79895E9228DB76A200087A23 /* CoinDetailsVMs */ = {
			isa = PBXGroup;
			children = (
				792C040528C14386008EE48C /* CoinDetailsVM.swift */,
				79895E8F28DB758600087A23 /* MetricsVM.swift */,
				79895E9328DB773700087A23 /* RangeDetailsVM.swift */,
			);
			path = CoinDetailsVMs;
			sourceTree = "<group>";
		};
		79E7A21528E5F9CD00BD5CB0 /* Screens */ = {
			isa = PBXGroup;
			children = (
				792B0FC6287F03080040B461 /* MainTabBarController.swift */,
				79E7A21828E5FB4700BD5CB0 /* Market */,
				79E7A22428E602FC00BD5CB0 /* Watchlist */,
				79E7A22228E6025300BD5CB0 /* CoinDetails */,
				7937CE1C28F6E2DB00B80C71 /* Search */,
			);
			path = Screens;
			sourceTree = "<group>";
		};
		79E7A21828E5FB4700BD5CB0 /* Market */ = {
			isa = PBXGroup;
			children = (
				79E7A21628E5FAF000BD5CB0 /* MarketVC.swift */,
				79CF41BE28EEFF7E00CA9F51 /* MarketVMl.swift */,
			);
			path = Market;
			sourceTree = "<group>";
		};
		79E7A21D28E5FD2800BD5CB0 /* MarketCardCell */ = {
			isa = PBXGroup;
			children = (
				796EFA2E285B8B64005E24AF /* MarketCardsCollectionViewCell.swift */,
				796EFA3228697A90005E24AF /* MarketCardsCellVM.swift */,
			);
			path = MarketCardCell;
			sourceTree = "<group>";
		};
		79E7A22028E6008400BD5CB0 /* CryptoCurrenciesTableCell */ = {
			isa = PBXGroup;
			children = (
				796EFA4828770D26005E24AF /* CryptoCurrenciesTableViewCell.swift */,
				796EFA442876F076005E24AF /* MarketTableCellVM.swift */,
			);
			path = CryptoCurrenciesTableCell;
			sourceTree = "<group>";
		};
		79E7A22128E601C100BD5CB0 /* DetailsTableCell */ = {
			isa = PBXGroup;
			children = (
				79D5C6D228DC75060018B133 /* DetailsTableCellVM.swift */,
				792C040A28CE2941008EE48C /* DetailsTableViewCell.swift */,
			);
			path = DetailsTableCell;
			sourceTree = "<group>";
		};
		79E7A22228E6025300BD5CB0 /* CoinDetails */ = {
			isa = PBXGroup;
			children = (
				79E7A22728E605BB00BD5CB0 /* CoinDetailsVC.swift */,
				79895E9228DB76A200087A23 /* CoinDetailsVMs */,
			);
			path = CoinDetails;
			sourceTree = "<group>";
		};
		79E7A22428E602FC00BD5CB0 /* Watchlist */ = {
			isa = PBXGroup;
			children = (
				792B0FC2287B3C6C0040B461 /* WatchlistVC.swift */,
				792B0FC4287C85EF0040B461 /* WatchlistVM.swift */,
			);
			path = Watchlist;
			sourceTree = "<group>";
		};
		79EAFD0D27B3DCD9008A6062 = {
			isa = PBXGroup;
			children = (
				79EAFD1827B3DCD9008A6062 /* PortfolioPerformance */,
				79EAFD1727B3DCD9008A6062 /* Products */,
				B0174BFFD78187AFD4C31C8F /* Pods */,
				DCD69FC6AFA902DAF93A7DA7 /* Frameworks */,
			);
			sourceTree = "<group>";
		};
		79EAFD1727B3DCD9008A6062 /* Products */ = {
			isa = PBXGroup;
			children = (
				79EAFD1627B3DCD9008A6062 /* PortfolioPerformance.app */,
			);
			name = Products;
			sourceTree = "<group>";
		};
		79EAFD1827B3DCD9008A6062 /* PortfolioPerformance */ = {
			isa = PBXGroup;
			children = (
				7961C37528EB2A0D0006B9A7 /* Helpers */,
				79410D8A2822938100BD9EA4 /* Managers */,
				7982923027E3D87C007ECCCD /* Models */,
				7982922F27E3D829007ECCCD /* Views */,
				79E7A21528E5F9CD00BD5CB0 /* Screens */,
				7934EFA2282A72DD00CE7FD0 /* Extensions */,
				790C30C327CEA71A0021658F /* Supporting Files */,
				79EAFD2527B3DCDE008A6062 /* Assets.xcassets */,
				79EAFD2A27B3DCDE008A6062 /* Info.plist */,
				7941060827DA0A10009B4B8C /* SF-Pro-Italic.ttf */,
				7941060927DA0A11009B4B8C /* SF-Pro.ttf */,
				790C30C627CEAA200021658F /* DataModel.xcdatamodeld */,
			);
			path = PortfolioPerformance;
			sourceTree = "<group>";
		};
		B0174BFFD78187AFD4C31C8F /* Pods */ = {
			isa = PBXGroup;
			children = (
				7C51FFC2FB780C01DED1D527 /* Pods-PortfolioPerformance.debug.xcconfig */,
				16F6ACFC027E269968DA0AFF /* Pods-PortfolioPerformance.release.xcconfig */,
			);
			path = Pods;
			sourceTree = "<group>";
		};
		DCD69FC6AFA902DAF93A7DA7 /* Frameworks */ = {
			isa = PBXGroup;
			children = (
				5BDECDAA83ECC22DF03AB629 /* Pods_PortfolioPerformance.framework */,
			);
			name = Frameworks;
			sourceTree = "<group>";
		};
/* End PBXGroup section */

/* Begin PBXNativeTarget section */
		79EAFD1527B3DCD9008A6062 /* PortfolioPerformance */ = {
			isa = PBXNativeTarget;
			buildConfigurationList = 79EAFD2D27B3DCDE008A6062 /* Build configuration list for PBXNativeTarget "PortfolioPerformance" */;
			buildPhases = (
				7AEF6572AE36B03B1379F52C /* [CP] Check Pods Manifest.lock */,
				79EAFD1227B3DCD9008A6062 /* Sources */,
				79EAFD1327B3DCD9008A6062 /* Frameworks */,
				79EAFD1427B3DCD9008A6062 /* Resources */,
				029154D5CC95AC45A23D8AF2 /* [CP] Embed Pods Frameworks */,
			);
			buildRules = (
			);
			dependencies = (
			);
			name = PortfolioPerformance;
			productName = PortfolioPerformance;
			productReference = 79EAFD1627B3DCD9008A6062 /* PortfolioPerformance.app */;
			productType = "com.apple.product-type.application";
		};
/* End PBXNativeTarget section */

/* Begin PBXProject section */
		79EAFD0E27B3DCD9008A6062 /* Project object */ = {
			isa = PBXProject;
			attributes = {
				BuildIndependentTargetsInParallel = 1;
				LastSwiftUpdateCheck = 1310;
				LastUpgradeCheck = 1310;
				TargetAttributes = {
					79EAFD1527B3DCD9008A6062 = {
						CreatedOnToolsVersion = 13.1;
					};
				};
			};
			buildConfigurationList = 79EAFD1127B3DCD9008A6062 /* Build configuration list for PBXProject "PortfolioPerformance" */;
			compatibilityVersion = "Xcode 13.0";
			developmentRegion = en;
			hasScannedForEncodings = 0;
			knownRegions = (
				en,
				Base,
			);
			mainGroup = 79EAFD0D27B3DCD9008A6062;
			productRefGroup = 79EAFD1727B3DCD9008A6062 /* Products */;
			projectDirPath = "";
			projectRoot = "";
			targets = (
				79EAFD1527B3DCD9008A6062 /* PortfolioPerformance */,
			);
		};
/* End PBXProject section */

/* Begin PBXResourcesBuildPhase section */
		79EAFD1427B3DCD9008A6062 /* Resources */ = {
			isa = PBXResourcesBuildPhase;
			buildActionMask = 2147483647;
			files = (
				79EAFD2927B3DCDE008A6062 /* LaunchScreen.storyboard in Resources */,
				79EAFD2627B3DCDE008A6062 /* Assets.xcassets in Resources */,
				7941060A27DA0A11009B4B8C /* SF-Pro-Italic.ttf in Resources */,
				7941060B27DA0A11009B4B8C /* SF-Pro.ttf in Resources */,
			);
			runOnlyForDeploymentPostprocessing = 0;
		};
/* End PBXResourcesBuildPhase section */

/* Begin PBXShellScriptBuildPhase section */
		029154D5CC95AC45A23D8AF2 /* [CP] Embed Pods Frameworks */ = {
			isa = PBXShellScriptBuildPhase;
			buildActionMask = 2147483647;
			files = (
			);
			inputFileListPaths = (
				"${PODS_ROOT}/Target Support Files/Pods-PortfolioPerformance/Pods-PortfolioPerformance-frameworks-${CONFIGURATION}-input-files.xcfilelist",
			);
			name = "[CP] Embed Pods Frameworks";
			outputFileListPaths = (
				"${PODS_ROOT}/Target Support Files/Pods-PortfolioPerformance/Pods-PortfolioPerformance-frameworks-${CONFIGURATION}-output-files.xcfilelist",
			);
			runOnlyForDeploymentPostprocessing = 0;
			shellPath = /bin/sh;
			shellScript = "\"${PODS_ROOT}/Target Support Files/Pods-PortfolioPerformance/Pods-PortfolioPerformance-frameworks.sh\"\n";
			showEnvVarsInLog = 0;
		};
		7AEF6572AE36B03B1379F52C /* [CP] Check Pods Manifest.lock */ = {
			isa = PBXShellScriptBuildPhase;
			buildActionMask = 2147483647;
			files = (
			);
			inputFileListPaths = (
			);
			inputPaths = (
				"${PODS_PODFILE_DIR_PATH}/Podfile.lock",
				"${PODS_ROOT}/Manifest.lock",
			);
			name = "[CP] Check Pods Manifest.lock";
			outputFileListPaths = (
			);
			outputPaths = (
				"$(DERIVED_FILE_DIR)/Pods-PortfolioPerformance-checkManifestLockResult.txt",
			);
			runOnlyForDeploymentPostprocessing = 0;
			shellPath = /bin/sh;
			shellScript = "diff \"${PODS_PODFILE_DIR_PATH}/Podfile.lock\" \"${PODS_ROOT}/Manifest.lock\" > /dev/null\nif [ $? != 0 ] ; then\n    # print error to STDERR\n    echo \"error: The sandbox is not in sync with the Podfile.lock. Run 'pod install' or update your CocoaPods installation.\" >&2\n    exit 1\nfi\n# This output is used by Xcode 'outputs' to avoid re-running this script phase.\necho \"SUCCESS\" > \"${SCRIPT_OUTPUT_FILE_0}\"\n";
			showEnvVarsInLog = 0;
		};
/* End PBXShellScriptBuildPhase section */

/* Begin PBXSourcesBuildPhase section */
		79EAFD1227B3DCD9008A6062 /* Sources */ = {
			isa = PBXSourcesBuildPhase;
			buildActionMask = 2147483647;
			files = (
				7934EFA4282A824E00CE7FD0 /* ResultsTableViewCell.swift in Sources */,
				7934EFAA28352A1A00CE7FD0 /* UIImageView+SetImage.swift in Sources */,
				792C040928C9E62B008EE48C /* RangeProgressView.swift in Sources */,
				7937CE1B28F5E40100B80C71 /* PPGreedAndFearBar.swift in Sources */,
				796EFA3A286DDD60005E24AF /* ObservableObject.swift in Sources */,
				790C30C827CEAA200021658F /* DataModel.xcdatamodeld in Sources */,
				79D5B8E628EEDABC00178402 /* UIViewController+ShowAlert.swift in Sources */,
				79410D8F282416C000BD9EA4 /* SearchVC.swift in Sources */,
				7955694928773472003E8A13 /* SortOptionsCollectionViewCell.swift in Sources */,
				79EC45B528F0B9DC006A849A /* PPSegmentedControl.swift in Sources */,
				7941061227E0D84F009B4B8C /* DateFormatter.swift in Sources */,
				792C040628C14386008EE48C /* CoinDetailsVM.swift in Sources */,
				7934EFA82835172200CE7FD0 /* UIView+AddSubviews.swift in Sources */,
				7982923627E67ABB007ECCCD /* Date+FormatedString.swift in Sources */,
				798957C227F31AE00074CA38 /* GlobalData.swift in Sources */,
				796EFA3128690062005E24AF /* MarketCardCellModel.swift in Sources */,
				798957C827F479DD0074CA38 /* UIView+Shadow.swift in Sources */,
				792C040D28D32D5D008EE48C /* SingleCoinModel.swift in Sources */,
				79EAFD1A27B3DCDA008A6062 /* AppDelegate.swift in Sources */,
				79410D8D2823D3E700BD9EA4 /* UIView+Framing.swift in Sources */,
				79EAFD1C27B3DCDA008A6062 /* SceneDelegate.swift in Sources */,
				79E7A21728E5FAF000BD5CB0 /* MarketVC.swift in Sources */,
				79326299280423E1005E4D2E /* HoldingsTableViewCell.swift in Sources */,
				790C30C227C78E930021658F /* GreedAndFearModel.swift in Sources */,
				79895E9028DB758600087A23 /* MetricsVM.swift in Sources */,
				7982923427E678A5007ECCCD /* Double+FormatedString.swift in Sources */,
				7937CE1E28F6E30600B80C71 /* SearchVM.swift in Sources */,
				792B0FC3287B3C6C0040B461 /* WatchlistVC.swift in Sources */,
				796EFA27285A1FF9005E24AF /* CircularProgressBar.swift in Sources */,
				7982923227E673E6007ECCCD /* UIColor+CustomColors.swift in Sources */,
				793262C128061136005E4D2E /* GraphEntries.swift in Sources */,
				7961C37428EB2A010006B9A7 /* PPErrors.swift in Sources */,
				796EFA4928770D26005E24AF /* CryptoCurrenciesTableViewCell.swift in Sources */,
				79CF41BF28EEFF7E00CA9F51 /* MarketVMl.swift in Sources */,
				7934EFB8283E4AB800CE7FD0 /* PortfolioPerfomanceModel.swift in Sources */,
				79E7A22828E605BB00BD5CB0 /* CoinDetailsVC.swift in Sources */,
				79D5B8E428EDB85100178402 /* PPAlertVC.swift in Sources */,
				7934EFB6283E45A700CE7FD0 /* HoldingPerfomanceModel.swift in Sources */,
				792B0FC5287C85EF0040B461 /* WatchlistVM.swift in Sources */,
				796EFA1E284771C3005E24AF /* Floating label.swift in Sources */,
				792B0FC7287F03080040B461 /* MainTabBarController.swift in Sources */,
				79C2109627EB5523001B2D80 /* CoinPriceOnGivenDate.swift in Sources */,
				792C040B28CE2941008EE48C /* DetailsTableViewCell.swift in Sources */,
				79895E9428DB773700087A23 /* RangeDetailsVM.swift in Sources */,
				79EAFD3527B3FDC8008A6062 /* CoinModel.swift in Sources */,
				7934EFBA2841600A00CE7FD0 /* CustomProgressBar.swift in Sources */,
				7934EFA6282D141B00CE7FD0 /* SearchResponse.swift in Sources */,
				790C30C527CEA7620021658F /* UserDefaultsManager.swift in Sources */,
				796EFA2F285B8B64005E24AF /* MarketCardsCollectionViewCell.swift in Sources */,
				796EFA452876F076005E24AF /* MarketTableCellVM.swift in Sources */,
				796EFA3328697A91005E24AF /* MarketCardsCellVM.swift in Sources */,
				7986A50928E5A3B900332A48 /* UIView+Fading.swift in Sources */,
				79807A7028ECBA01000825B0 /* LineChartView+Configure.swift in Sources */,
				79D5C6D328DC75060018B133 /* DetailsTableCellVM.swift in Sources */,
				796EFA4128733AF2005E24AF /* NetworkingManager.swift in Sources */,
				79D5B8E828EEE3FF00178402 /* PPButton.swift in Sources */,
			);
			runOnlyForDeploymentPostprocessing = 0;
		};
/* End PBXSourcesBuildPhase section */

/* Begin PBXVariantGroup section */
		79EAFD2727B3DCDE008A6062 /* LaunchScreen.storyboard */ = {
			isa = PBXVariantGroup;
			children = (
				79EAFD2827B3DCDE008A6062 /* Base */,
			);
			name = LaunchScreen.storyboard;
			sourceTree = "<group>";
		};
/* End PBXVariantGroup section */

/* Begin XCBuildConfiguration section */
		79EAFD2B27B3DCDE008A6062 /* Debug */ = {
			isa = XCBuildConfiguration;
			buildSettings = {
				ALWAYS_SEARCH_USER_PATHS = NO;
				CLANG_ANALYZER_NONNULL = YES;
				CLANG_ANALYZER_NUMBER_OBJECT_CONVERSION = YES_AGGRESSIVE;
				CLANG_CXX_LANGUAGE_STANDARD = "gnu++17";
				CLANG_CXX_LIBRARY = "libc++";
				CLANG_ENABLE_MODULES = YES;
				CLANG_ENABLE_OBJC_ARC = YES;
				CLANG_ENABLE_OBJC_WEAK = YES;
				CLANG_WARN_BLOCK_CAPTURE_AUTORELEASING = YES;
				CLANG_WARN_BOOL_CONVERSION = YES;
				CLANG_WARN_COMMA = YES;
				CLANG_WARN_CONSTANT_CONVERSION = YES;
				CLANG_WARN_DEPRECATED_OBJC_IMPLEMENTATIONS = YES;
				CLANG_WARN_DIRECT_OBJC_ISA_USAGE = YES_ERROR;
				CLANG_WARN_DOCUMENTATION_COMMENTS = YES;
				CLANG_WARN_EMPTY_BODY = YES;
				CLANG_WARN_ENUM_CONVERSION = YES;
				CLANG_WARN_INFINITE_RECURSION = YES;
				CLANG_WARN_INT_CONVERSION = YES;
				CLANG_WARN_NON_LITERAL_NULL_CONVERSION = YES;
				CLANG_WARN_OBJC_IMPLICIT_RETAIN_SELF = YES;
				CLANG_WARN_OBJC_LITERAL_CONVERSION = YES;
				CLANG_WARN_OBJC_ROOT_CLASS = YES_ERROR;
				CLANG_WARN_QUOTED_INCLUDE_IN_FRAMEWORK_HEADER = YES;
				CLANG_WARN_RANGE_LOOP_ANALYSIS = YES;
				CLANG_WARN_STRICT_PROTOTYPES = YES;
				CLANG_WARN_SUSPICIOUS_MOVE = YES;
				CLANG_WARN_UNGUARDED_AVAILABILITY = YES_AGGRESSIVE;
				CLANG_WARN_UNREACHABLE_CODE = YES;
				CLANG_WARN__DUPLICATE_METHOD_MATCH = YES;
				COPY_PHASE_STRIP = NO;
				DEBUG_INFORMATION_FORMAT = dwarf;
				ENABLE_STRICT_OBJC_MSGSEND = YES;
				ENABLE_TESTABILITY = YES;
				GCC_C_LANGUAGE_STANDARD = gnu11;
				GCC_DYNAMIC_NO_PIC = NO;
				GCC_NO_COMMON_BLOCKS = YES;
				GCC_OPTIMIZATION_LEVEL = 0;
				GCC_PREPROCESSOR_DEFINITIONS = (
					"DEBUG=1",
					"$(inherited)",
				);
				GCC_WARN_64_TO_32_BIT_CONVERSION = YES;
				GCC_WARN_ABOUT_RETURN_TYPE = YES_ERROR;
				GCC_WARN_UNDECLARED_SELECTOR = YES;
				GCC_WARN_UNINITIALIZED_AUTOS = YES_AGGRESSIVE;
				GCC_WARN_UNUSED_FUNCTION = YES;
				GCC_WARN_UNUSED_VARIABLE = YES;
				IPHONEOS_DEPLOYMENT_TARGET = 15.0;
				MTL_ENABLE_DEBUG_INFO = INCLUDE_SOURCE;
				MTL_FAST_MATH = YES;
				ONLY_ACTIVE_ARCH = YES;
				SDKROOT = iphoneos;
				SWIFT_ACTIVE_COMPILATION_CONDITIONS = DEBUG;
				SWIFT_OPTIMIZATION_LEVEL = "-Onone";
			};
			name = Debug;
		};
		79EAFD2C27B3DCDE008A6062 /* Release */ = {
			isa = XCBuildConfiguration;
			buildSettings = {
				ALWAYS_SEARCH_USER_PATHS = NO;
				CLANG_ANALYZER_NONNULL = YES;
				CLANG_ANALYZER_NUMBER_OBJECT_CONVERSION = YES_AGGRESSIVE;
				CLANG_CXX_LANGUAGE_STANDARD = "gnu++17";
				CLANG_CXX_LIBRARY = "libc++";
				CLANG_ENABLE_MODULES = YES;
				CLANG_ENABLE_OBJC_ARC = YES;
				CLANG_ENABLE_OBJC_WEAK = YES;
				CLANG_WARN_BLOCK_CAPTURE_AUTORELEASING = YES;
				CLANG_WARN_BOOL_CONVERSION = YES;
				CLANG_WARN_COMMA = YES;
				CLANG_WARN_CONSTANT_CONVERSION = YES;
				CLANG_WARN_DEPRECATED_OBJC_IMPLEMENTATIONS = YES;
				CLANG_WARN_DIRECT_OBJC_ISA_USAGE = YES_ERROR;
				CLANG_WARN_DOCUMENTATION_COMMENTS = YES;
				CLANG_WARN_EMPTY_BODY = YES;
				CLANG_WARN_ENUM_CONVERSION = YES;
				CLANG_WARN_INFINITE_RECURSION = YES;
				CLANG_WARN_INT_CONVERSION = YES;
				CLANG_WARN_NON_LITERAL_NULL_CONVERSION = YES;
				CLANG_WARN_OBJC_IMPLICIT_RETAIN_SELF = YES;
				CLANG_WARN_OBJC_LITERAL_CONVERSION = YES;
				CLANG_WARN_OBJC_ROOT_CLASS = YES_ERROR;
				CLANG_WARN_QUOTED_INCLUDE_IN_FRAMEWORK_HEADER = YES;
				CLANG_WARN_RANGE_LOOP_ANALYSIS = YES;
				CLANG_WARN_STRICT_PROTOTYPES = YES;
				CLANG_WARN_SUSPICIOUS_MOVE = YES;
				CLANG_WARN_UNGUARDED_AVAILABILITY = YES_AGGRESSIVE;
				CLANG_WARN_UNREACHABLE_CODE = YES;
				CLANG_WARN__DUPLICATE_METHOD_MATCH = YES;
				COPY_PHASE_STRIP = NO;
				DEBUG_INFORMATION_FORMAT = "dwarf-with-dsym";
				ENABLE_NS_ASSERTIONS = NO;
				ENABLE_STRICT_OBJC_MSGSEND = YES;
				GCC_C_LANGUAGE_STANDARD = gnu11;
				GCC_NO_COMMON_BLOCKS = YES;
				GCC_WARN_64_TO_32_BIT_CONVERSION = YES;
				GCC_WARN_ABOUT_RETURN_TYPE = YES_ERROR;
				GCC_WARN_UNDECLARED_SELECTOR = YES;
				GCC_WARN_UNINITIALIZED_AUTOS = YES_AGGRESSIVE;
				GCC_WARN_UNUSED_FUNCTION = YES;
				GCC_WARN_UNUSED_VARIABLE = YES;
				IPHONEOS_DEPLOYMENT_TARGET = 15.0;
				MTL_ENABLE_DEBUG_INFO = NO;
				MTL_FAST_MATH = YES;
				SDKROOT = iphoneos;
				SWIFT_COMPILATION_MODE = wholemodule;
				SWIFT_OPTIMIZATION_LEVEL = "-O";
				VALIDATE_PRODUCT = YES;
			};
			name = Release;
		};
		79EAFD2E27B3DCDE008A6062 /* Debug */ = {
			isa = XCBuildConfiguration;
			baseConfigurationReference = 7C51FFC2FB780C01DED1D527 /* Pods-PortfolioPerformance.debug.xcconfig */;
			buildSettings = {
				ASSETCATALOG_COMPILER_APPICON_NAME = AppIcon;
				ASSETCATALOG_COMPILER_GLOBAL_ACCENT_COLOR_NAME = AccentColor;
				CODE_SIGN_IDENTITY = "Apple Development";
				CODE_SIGN_STYLE = Automatic;
				CURRENT_PROJECT_VERSION = 1;
				DEVELOPMENT_TEAM = B9D9FYA643;
				GENERATE_INFOPLIST_FILE = YES;
				INFOPLIST_FILE = PortfolioPerformance/Info.plist;
				INFOPLIST_KEY_UIApplicationSupportsIndirectInputEvents = YES;
				INFOPLIST_KEY_UILaunchStoryboardName = LaunchScreen;
				INFOPLIST_KEY_UISupportedInterfaceOrientations = UIInterfaceOrientationPortrait;
				INFOPLIST_KEY_UISupportedInterfaceOrientations_iPad = "UIInterfaceOrientationLandscapeLeft UIInterfaceOrientationLandscapeRight UIInterfaceOrientationPortrait UIInterfaceOrientationPortraitUpsideDown";
				LD_RUNPATH_SEARCH_PATHS = (
					"$(inherited)",
					"@executable_path/Frameworks",
				);
				MARKETING_VERSION = 1.0;
				PRODUCT_BUNDLE_IDENTIFIER = com.sandorsuszta.PortfolioPerformance;
				PRODUCT_NAME = "$(TARGET_NAME)";
				PROVISIONING_PROFILE_SPECIFIER = "";
				SWIFT_EMIT_LOC_STRINGS = YES;
				SWIFT_VERSION = 5.0;
				TARGETED_DEVICE_FAMILY = 1;
			};
			name = Debug;
		};
		79EAFD2F27B3DCDE008A6062 /* Release */ = {
			isa = XCBuildConfiguration;
			baseConfigurationReference = 16F6ACFC027E269968DA0AFF /* Pods-PortfolioPerformance.release.xcconfig */;
			buildSettings = {
				ASSETCATALOG_COMPILER_APPICON_NAME = AppIcon;
				ASSETCATALOG_COMPILER_GLOBAL_ACCENT_COLOR_NAME = AccentColor;
				CODE_SIGN_IDENTITY = "Apple Development";
				CODE_SIGN_STYLE = Automatic;
				CURRENT_PROJECT_VERSION = 1;
				DEVELOPMENT_TEAM = B9D9FYA643;
				GENERATE_INFOPLIST_FILE = YES;
				INFOPLIST_FILE = PortfolioPerformance/Info.plist;
				INFOPLIST_KEY_UIApplicationSupportsIndirectInputEvents = YES;
				INFOPLIST_KEY_UILaunchStoryboardName = LaunchScreen;
				INFOPLIST_KEY_UISupportedInterfaceOrientations = UIInterfaceOrientationPortrait;
				INFOPLIST_KEY_UISupportedInterfaceOrientations_iPad = "UIInterfaceOrientationLandscapeLeft UIInterfaceOrientationLandscapeRight UIInterfaceOrientationPortrait UIInterfaceOrientationPortraitUpsideDown";
				LD_RUNPATH_SEARCH_PATHS = (
					"$(inherited)",
					"@executable_path/Frameworks",
				);
				MARKETING_VERSION = 1.0;
				PRODUCT_BUNDLE_IDENTIFIER = com.sandorsuszta.PortfolioPerformance;
				PRODUCT_NAME = "$(TARGET_NAME)";
				PROVISIONING_PROFILE_SPECIFIER = "";
				SWIFT_EMIT_LOC_STRINGS = YES;
				SWIFT_VERSION = 5.0;
				TARGETED_DEVICE_FAMILY = 1;
			};
			name = Release;
		};
/* End XCBuildConfiguration section */

/* Begin XCConfigurationList section */
		79EAFD1127B3DCD9008A6062 /* Build configuration list for PBXProject "PortfolioPerformance" */ = {
			isa = XCConfigurationList;
			buildConfigurations = (
				79EAFD2B27B3DCDE008A6062 /* Debug */,
				79EAFD2C27B3DCDE008A6062 /* Release */,
			);
			defaultConfigurationIsVisible = 0;
			defaultConfigurationName = Release;
		};
		79EAFD2D27B3DCDE008A6062 /* Build configuration list for PBXNativeTarget "PortfolioPerformance" */ = {
			isa = XCConfigurationList;
			buildConfigurations = (
				79EAFD2E27B3DCDE008A6062 /* Debug */,
				79EAFD2F27B3DCDE008A6062 /* Release */,
			);
			defaultConfigurationIsVisible = 0;
			defaultConfigurationName = Release;
		};
/* End XCConfigurationList section */

/* Begin XCVersionGroup section */
		790C30C627CEAA200021658F /* DataModel.xcdatamodeld */ = {
			isa = XCVersionGroup;
			children = (
				790C30C727CEAA200021658F /* Transaction.xcdatamodel */,
			);
			currentVersion = 790C30C727CEAA200021658F /* Transaction.xcdatamodel */;
			path = DataModel.xcdatamodeld;
			sourceTree = "<group>";
			versionGroupType = wrapper.xcdatamodel;
		};
/* End XCVersionGroup section */
	};
	rootObject = 79EAFD0E27B3DCD9008A6062 /* Project object */;
}
