// !$*UTF8*$!
{
	archiveVersion = 1;
	classes = {
	};
	objectVersion = 55;
	objects = {

/* Begin PBXBuildFile section */
		79011DFC29FD8E5700121A81 /* WatchlistStore.swift in Sources */ = {isa = PBXBuildFile; fileRef = 79011DFB29FD8E5700121A81 /* WatchlistStore.swift */; };
		79011DFE29FD8F4E00121A81 /* PersistantDataType.swift in Sources */ = {isa = PBXBuildFile; fileRef = 79011DFD29FD8F4E00121A81 /* PersistantDataType.swift */; };
		79011E0029FDA86200121A81 /* Array+sortedByList.swift in Sources */ = {isa = PBXBuildFile; fileRef = 79011DFF29FDA86200121A81 /* Array+sortedByList.swift */; };
		79011E0229FECD2B00121A81 /* RecentSearchesStore.swift in Sources */ = {isa = PBXBuildFile; fileRef = 79011E0129FECD2B00121A81 /* RecentSearchesStore.swift */; };
		79011E042A002C5A00121A81 /* Coordinator.swift in Sources */ = {isa = PBXBuildFile; fileRef = 79011E032A002C5900121A81 /* Coordinator.swift */; };
		79011E072A0052FE00121A81 /* AppCoordinator.swift in Sources */ = {isa = PBXBuildFile; fileRef = 79011E062A0052FE00121A81 /* AppCoordinator.swift */; };
		79011E092A005C1500121A81 /* MarketCoordinator.swift in Sources */ = {isa = PBXBuildFile; fileRef = 79011E082A005C1500121A81 /* MarketCoordinator.swift */; };
		79011E0B2A03020600121A81 /* Services.swift in Sources */ = {isa = PBXBuildFile; fileRef = 79011E0A2A03020600121A81 /* Services.swift */; };
		79011E0D2A044B2000121A81 /* AppTab.swift in Sources */ = {isa = PBXBuildFile; fileRef = 79011E0C2A044B1F00121A81 /* AppTab.swift */; };
		79011E372A067C1000121A81 /* WatchlistCoordinator.swift in Sources */ = {isa = PBXBuildFile; fileRef = 79011E362A067C1000121A81 /* WatchlistCoordinator.swift */; };
		790C30C227C78E930021658F /* GreedAndFearModel.swift in Sources */ = {isa = PBXBuildFile; fileRef = 790C30C127C78E930021658F /* GreedAndFearModel.swift */; };
		790C30C527CEA7620021658F /* UserDefaultsService.swift in Sources */ = {isa = PBXBuildFile; fileRef = 790C30C427CEA7620021658F /* UserDefaultsService.swift */; };
		790C350329D35FD200141887 /* ImageNames.swift in Sources */ = {isa = PBXBuildFile; fileRef = 790C350229D35FD200141887 /* ImageNames.swift */; };
		792223F528FD7F82001B0C8C /* CoinDetailsVC.swift in Sources */ = {isa = PBXBuildFile; fileRef = 792223F428FD7F82001B0C8C /* CoinDetailsVC.swift */; };
		792B0FC3287B3C6C0040B461 /* WatchlistVC.swift in Sources */ = {isa = PBXBuildFile; fileRef = 792B0FC2287B3C6C0040B461 /* WatchlistVC.swift */; };
		792B0FC5287C85EF0040B461 /* WatchlistVM.swift in Sources */ = {isa = PBXBuildFile; fileRef = 792B0FC4287C85EF0040B461 /* WatchlistVM.swift */; };
		792B0FC7287F03080040B461 /* PPTabBarController.swift in Sources */ = {isa = PBXBuildFile; fileRef = 792B0FC6287F03080040B461 /* PPTabBarController.swift */; };
		792C040628C14386008EE48C /* CoinDetailsVM.swift in Sources */ = {isa = PBXBuildFile; fileRef = 792C040528C14386008EE48C /* CoinDetailsVM.swift */; };
		792C040928C9E62B008EE48C /* RangeProgressView.swift in Sources */ = {isa = PBXBuildFile; fileRef = 792C040828C9E62B008EE48C /* RangeProgressView.swift */; };
		792C040B28CE2941008EE48C /* DetailsCell.swift in Sources */ = {isa = PBXBuildFile; fileRef = 792C040A28CE2941008EE48C /* DetailsCell.swift */; };
		792C040D28D32D5D008EE48C /* CoinDetails.swift in Sources */ = {isa = PBXBuildFile; fileRef = 792C040C28D32D5D008EE48C /* CoinDetails.swift */; };
		793262C128061136005E4D2E /* GraphEntries.swift in Sources */ = {isa = PBXBuildFile; fileRef = 793262C028061135005E4D2E /* GraphEntries.swift */; };
		793332C7293F52C2005EE8A3 /* CustomSearchBar.swift in Sources */ = {isa = PBXBuildFile; fileRef = 793332C6293F52C2005EE8A3 /* CustomSearchBar.swift */; };
		793332CD2948D95B005EE8A3 /* AddTransactionCell.swift in Sources */ = {isa = PBXBuildFile; fileRef = 793332CC2948D95B005EE8A3 /* AddTransactionCell.swift */; };
		7934EFA4282A824E00CE7FD0 /* ResultsCell.swift in Sources */ = {isa = PBXBuildFile; fileRef = 7934EFA3282A824E00CE7FD0 /* ResultsCell.swift */; };
		7934EFA6282D141B00CE7FD0 /* SearchResponse.swift in Sources */ = {isa = PBXBuildFile; fileRef = 7934EFA5282D141B00CE7FD0 /* SearchResponse.swift */; };
		7934EFA82835172200CE7FD0 /* UIView+AddSubviews.swift in Sources */ = {isa = PBXBuildFile; fileRef = 7934EFA72835172200CE7FD0 /* UIView+AddSubviews.swift */; };
		7934EFBA2841600A00CE7FD0 /* CustomProgressBar.swift in Sources */ = {isa = PBXBuildFile; fileRef = 7934EFB92841600A00CE7FD0 /* CustomProgressBar.swift */; };
		7937CE1E28F6E30600B80C71 /* SearchVM.swift in Sources */ = {isa = PBXBuildFile; fileRef = 7937CE1D28F6E30600B80C71 /* SearchVM.swift */; };
		79410D8D2823D3E700BD9EA4 /* UIView+Framing.swift in Sources */ = {isa = PBXBuildFile; fileRef = 79410D8C2823D3E700BD9EA4 /* UIView+Framing.swift */; };
		79410D8F282416C000BD9EA4 /* SearchVC.swift in Sources */ = {isa = PBXBuildFile; fileRef = 79410D8E282416C000BD9EA4 /* SearchVC.swift */; };
		79463E6B2A364EBF00BAE3A3 /* SearchTableSectionHeaderFactory.swift in Sources */ = {isa = PBXBuildFile; fileRef = 79463E6A2A364EBF00BAE3A3 /* SearchTableSectionHeaderFactory.swift */; };
		79463E6D2A3767E100BAE3A3 /* EmptyState.swift in Sources */ = {isa = PBXBuildFile; fileRef = 79463E6C2A3767E100BAE3A3 /* EmptyState.swift */; };
		79463E702A38BAC800BAE3A3 /* MarketCardCellConfigurable.swift in Sources */ = {isa = PBXBuildFile; fileRef = 79463E6F2A38BAC800BAE3A3 /* MarketCardCellConfigurable.swift */; };
		79463E722A38BB5D00BAE3A3 /* MarketCardCell.swift in Sources */ = {isa = PBXBuildFile; fileRef = 79463E712A38BB5D00BAE3A3 /* MarketCardCell.swift */; };
		794D7EAC2A362F2000E058C0 /* SearchTableSection.swift in Sources */ = {isa = PBXBuildFile; fileRef = 794D7EAB2A362F2000E058C0 /* SearchTableSection.swift */; };
		7955694928773472003E8A13 /* SortOptionsCell.swift in Sources */ = {isa = PBXBuildFile; fileRef = 7955694828773472003E8A13 /* SortOptionsCell.swift */; };
		7955B09329DF6F8A00492059 /* ImageDownloader.swift in Sources */ = {isa = PBXBuildFile; fileRef = 7955B09229DF6F8900492059 /* ImageDownloader.swift */; };
		7955B09529E0B60700492059 /* ImageCacheManager.swift in Sources */ = {isa = PBXBuildFile; fileRef = 7955B09429E0B60700492059 /* ImageCacheManager.swift */; };
		795D95E429E8B0A4007555EF /* Router.swift in Sources */ = {isa = PBXBuildFile; fileRef = 795D95E329E8B0A4007555EF /* Router.swift */; };
		795E43F62910017D0016F3C3 /* EmptyStateView.swift in Sources */ = {isa = PBXBuildFile; fileRef = 795E43F52910017D0016F3C3 /* EmptyStateView.swift */; };
		7961C37428EB2A010006B9A7 /* PPError.swift in Sources */ = {isa = PBXBuildFile; fileRef = 7961C37328EB2A010006B9A7 /* PPError.swift */; };
		796EFA3328697A91005E24AF /* MarketCardCellVM.swift in Sources */ = {isa = PBXBuildFile; fileRef = 796EFA3228697A90005E24AF /* MarketCardCellVM.swift */; };
		796EFA3A286DDD60005E24AF /* ObservableObject.swift in Sources */ = {isa = PBXBuildFile; fileRef = 796EFA39286DDD60005E24AF /* ObservableObject.swift */; };
		796EFA4128733AF2005E24AF /* NetworkingService.swift in Sources */ = {isa = PBXBuildFile; fileRef = 796EFA4028733AF2005E24AF /* NetworkingService.swift */; };
		796EFA452876F076005E24AF /* CryptoCurrencyCellVM.swift in Sources */ = {isa = PBXBuildFile; fileRef = 796EFA442876F076005E24AF /* CryptoCurrencyCellVM.swift */; };
		796EFA4928770D26005E24AF /* CryptoCurrencyCell.swift in Sources */ = {isa = PBXBuildFile; fileRef = 796EFA4828770D26005E24AF /* CryptoCurrencyCell.swift */; };
		797303B3296B30560006CF76 /* PPCircularProgressBar.swift in Sources */ = {isa = PBXBuildFile; fileRef = 797303B2296B30560006CF76 /* PPCircularProgressBar.swift */; };
		797303B5296B75450006CF76 /* PPSegmentedProgressBar.swift in Sources */ = {isa = PBXBuildFile; fileRef = 797303B4296B75450006CF76 /* PPSegmentedProgressBar.swift */; };
		797303B7296C6A4D0006CF76 /* MarketCardBaseCell.swift in Sources */ = {isa = PBXBuildFile; fileRef = 797303B6296C6A4C0006CF76 /* MarketCardBaseCell.swift */; };
		797303B9296DFD700006CF76 /* Int+Radiant.swift in Sources */ = {isa = PBXBuildFile; fileRef = 797303B8296DFD700006CF76 /* Int+Radiant.swift */; };
		79807A7028ECBA01000825B0 /* LineChartView+Configure.swift in Sources */ = {isa = PBXBuildFile; fileRef = 79807A6F28ECBA01000825B0 /* LineChartView+Configure.swift */; };
		7982923227E673E6007ECCCD /* UIColor+CustomColors.swift in Sources */ = {isa = PBXBuildFile; fileRef = 7982923127E673E6007ECCCD /* UIColor+CustomColors.swift */; };
		7982923427E678A5007ECCCD /* String+Formatters.swift in Sources */ = {isa = PBXBuildFile; fileRef = 7982923327E678A5007ECCCD /* String+Formatters.swift */; };
		7986A50928E5A3B900332A48 /* UIView+FadeIn.swift in Sources */ = {isa = PBXBuildFile; fileRef = 7986A50828E5A3B900332A48 /* UIView+FadeIn.swift */; };
		798957C227F31AE00074CA38 /* GlobalData.swift in Sources */ = {isa = PBXBuildFile; fileRef = 798957C127F31AE00074CA38 /* GlobalData.swift */; };
		798957C827F479DD0074CA38 /* UIView+Shadow.swift in Sources */ = {isa = PBXBuildFile; fileRef = 798957C727F479DD0074CA38 /* UIView+Shadow.swift */; };
		79895E9028DB758600087A23 /* MetricsVM.swift in Sources */ = {isa = PBXBuildFile; fileRef = 79895E8F28DB758600087A23 /* MetricsVM.swift */; };
		79895E9428DB773700087A23 /* RangeDetailsVM.swift in Sources */ = {isa = PBXBuildFile; fileRef = 79895E9328DB773700087A23 /* RangeDetailsVM.swift */; };
		798FEF8C29F0548A0003A68D /* WatchlistDataSource.swift in Sources */ = {isa = PBXBuildFile; fileRef = 798FEF8B29F0548A0003A68D /* WatchlistDataSource.swift */; };
		79A5B157298276740067240A /* PPTabBarControllerTests.swift in Sources */ = {isa = PBXBuildFile; fileRef = 79A5B156298276740067240A /* PPTabBarControllerTests.swift */; };
		79AAF82A28FB358A009F3B85 /* SearchTableSectionHeader.swift in Sources */ = {isa = PBXBuildFile; fileRef = 79AAF82928FB358A009F3B85 /* SearchTableSectionHeader.swift */; };
		79AE53F62A140D4300214CB1 /* ChartInterval.swift in Sources */ = {isa = PBXBuildFile; fileRef = 79AE53F52A140D4300214CB1 /* ChartInterval.swift */; };
		79AE53F92A141C8800214CB1 /* CoinRepresentable.swift in Sources */ = {isa = PBXBuildFile; fileRef = 79AE53F82A141C8800214CB1 /* CoinRepresentable.swift */; };
		79AE53FB2A1428D300214CB1 /* SearchViewControllerDelegate.swift in Sources */ = {isa = PBXBuildFile; fileRef = 79AE53FA2A1428D300214CB1 /* SearchViewControllerDelegate.swift */; };
		79AE54032A1648F100214CB1 /* ImageSource.swift in Sources */ = {isa = PBXBuildFile; fileRef = 79AE54022A1648F100214CB1 /* ImageSource.swift */; };
		79AE54052A16B6C800214CB1 /* PPRoundedButton.swift in Sources */ = {isa = PBXBuildFile; fileRef = 79AE54042A16B6C800214CB1 /* PPRoundedButton.swift */; };
		79AE54092A177A7100214CB1 /* Array+SortByPrefix.swift in Sources */ = {isa = PBXBuildFile; fileRef = 79AE54082A177A7100214CB1 /* Array+SortByPrefix.swift */; };
		79CF41BF28EEFF7E00CA9F51 /* MarketVM.swift in Sources */ = {isa = PBXBuildFile; fileRef = 79CF41BE28EEFF7E00CA9F51 /* MarketVM.swift */; };
		79CFFCA62A26A59900E1E58A /* SearchBarState.swift in Sources */ = {isa = PBXBuildFile; fileRef = 79CFFCA52A26A59900E1E58A /* SearchBarState.swift */; };
		79CFFCAC2A26B1D500E1E58A /* SearchTableDataSource.swift in Sources */ = {isa = PBXBuildFile; fileRef = 79CFFCAB2A26B1D500E1E58A /* SearchTableDataSource.swift */; };
		79CFFCB02A274D5E00E1E58A /* MockMarketData.json in Resources */ = {isa = PBXBuildFile; fileRef = 79CFFCAF2A274D5C00E1E58A /* MockMarketData.json */; };
		79CFFCB12A274D5E00E1E58A /* MockMarketData.json in Resources */ = {isa = PBXBuildFile; fileRef = 79CFFCAF2A274D5C00E1E58A /* MockMarketData.json */; };
		79D5B8E428EDB85100178402 /* CustomAlert.swift in Sources */ = {isa = PBXBuildFile; fileRef = 79D5B8E328EDB85100178402 /* CustomAlert.swift */; };
		79D5B8E628EEDABC00178402 /* UINavigationController+ShowAlert.swift in Sources */ = {isa = PBXBuildFile; fileRef = 79D5B8E528EEDABC00178402 /* UINavigationController+ShowAlert.swift */; };
		79D5B8E828EEE3FF00178402 /* PPButton.swift in Sources */ = {isa = PBXBuildFile; fileRef = 79D5B8E728EEE3FF00178402 /* PPButton.swift */; };
		79D5C6D328DC75060018B133 /* DetailsCellVM.swift in Sources */ = {isa = PBXBuildFile; fileRef = 79D5C6D228DC75060018B133 /* DetailsCellVM.swift */; };
		79E2165E2A3E260E0091DA4D /* MarketCompositionalLayout.swift in Sources */ = {isa = PBXBuildFile; fileRef = 79E2165D2A3E260E0091DA4D /* MarketCompositionalLayout.swift */; };
		79E216942A42F6330091DA4D /* MarketSection.swift in Sources */ = {isa = PBXBuildFile; fileRef = 79E216932A42F6330091DA4D /* MarketSection.swift */; };
		79E216962A42F6830091DA4D /* MarketDataSource.swift in Sources */ = {isa = PBXBuildFile; fileRef = 79E216952A42F6830091DA4D /* MarketDataSource.swift */; };
		79E216982A42FD000091DA4D /* MarketItem.swift in Sources */ = {isa = PBXBuildFile; fileRef = 79E216972A42FD000091DA4D /* MarketItem.swift */; };
		79E2169A2A430C780091DA4D /* CryptoCurrencyCollectionViewCell.swift in Sources */ = {isa = PBXBuildFile; fileRef = 79E216992A430C780091DA4D /* CryptoCurrencyCollectionViewCell.swift */; };
		79E2169C2A43425F0091DA4D /* SortSectionHeader.swift in Sources */ = {isa = PBXBuildFile; fileRef = 79E2169B2A43425F0091DA4D /* SortSectionHeader.swift */; };
		79E216A22A4646030091DA4D /* RoundedBackgroundView.swift in Sources */ = {isa = PBXBuildFile; fileRef = 79E216A12A4646030091DA4D /* RoundedBackgroundView.swift */; };
		79E216A42A4756A20091DA4D /* TabBarReselectHandler.swift in Sources */ = {isa = PBXBuildFile; fileRef = 79E216A32A4756A20091DA4D /* TabBarReselectHandler.swift */; };
		79E7A21728E5FAF000BD5CB0 /* MarketVC.swift in Sources */ = {isa = PBXBuildFile; fileRef = 79E7A21628E5FAF000BD5CB0 /* MarketVC.swift */; };
		79EAFD1A27B3DCDA008A6062 /* AppDelegate.swift in Sources */ = {isa = PBXBuildFile; fileRef = 79EAFD1927B3DCDA008A6062 /* AppDelegate.swift */; };
		79EAFD1C27B3DCDA008A6062 /* SceneDelegate.swift in Sources */ = {isa = PBXBuildFile; fileRef = 79EAFD1B27B3DCDA008A6062 /* SceneDelegate.swift */; };
		79EAFD2627B3DCDE008A6062 /* Assets.xcassets in Resources */ = {isa = PBXBuildFile; fileRef = 79EAFD2527B3DCDE008A6062 /* Assets.xcassets */; };
		79EAFD2927B3DCDE008A6062 /* LaunchScreen.storyboard in Resources */ = {isa = PBXBuildFile; fileRef = 79EAFD2727B3DCDE008A6062 /* LaunchScreen.storyboard */; };
		79EAFD3527B3FDC8008A6062 /* CoinModel.swift in Sources */ = {isa = PBXBuildFile; fileRef = 79EAFD3427B3FDC7008A6062 /* CoinModel.swift */; };
		79EC45B528F0B9DC006A849A /* CustomSegmentedControl.swift in Sources */ = {isa = PBXBuildFile; fileRef = 79EC45B428F0B9DC006A849A /* CustomSegmentedControl.swift */; };
		79F654EC297037F50080DEBB /* PPTextLabel.swift in Sources */ = {isa = PBXBuildFile; fileRef = 79F654EB297037F50080DEBB /* PPTextLabel.swift */; };
		79F654EE297064B90080DEBB /* MarketCardGreedAndFearCell.swift in Sources */ = {isa = PBXBuildFile; fileRef = 79F654ED297064B90080DEBB /* MarketCardGreedAndFearCell.swift */; };
		79F654F0297340670080DEBB /* MarketCardMetricCell.swift in Sources */ = {isa = PBXBuildFile; fileRef = 79F654EF297340670080DEBB /* MarketCardMetricCell.swift */; };
		79FAD73629EDB39800374272 /* PPMarketSort.swift in Sources */ = {isa = PBXBuildFile; fileRef = 79FAD73529EDB39800374272 /* PPMarketSort.swift */; };
		BD5BB1D85BE4860692A3E4E3 /* Pods_PortfolioPerformance.framework in Frameworks */ = {isa = PBXBuildFile; fileRef = 74D4B989C78136C941766DBA /* Pods_PortfolioPerformance.framework */; };
/* End PBXBuildFile section */

/* Begin PBXContainerItemProxy section */
		79A5B14D29803DBF0067240A /* PBXContainerItemProxy */ = {
			isa = PBXContainerItemProxy;
			containerPortal = 79EAFD0E27B3DCD9008A6062 /* Project object */;
			proxyType = 1;
			remoteGlobalIDString = 79EAFD1527B3DCD9008A6062;
			remoteInfo = PortfolioPerformance;
		};
/* End PBXContainerItemProxy section */

/* Begin PBXFileReference section */
		74D4B989C78136C941766DBA /* Pods_PortfolioPerformance.framework */ = {isa = PBXFileReference; explicitFileType = wrapper.framework; includeInIndex = 0; path = Pods_PortfolioPerformance.framework; sourceTree = BUILT_PRODUCTS_DIR; };
		79011DFB29FD8E5700121A81 /* WatchlistStore.swift */ = {isa = PBXFileReference; lastKnownFileType = sourcecode.swift; path = WatchlistStore.swift; sourceTree = "<group>"; };
		79011DFD29FD8F4E00121A81 /* PersistantDataType.swift */ = {isa = PBXFileReference; lastKnownFileType = sourcecode.swift; path = PersistantDataType.swift; sourceTree = "<group>"; };
		79011DFF29FDA86200121A81 /* Array+sortedByList.swift */ = {isa = PBXFileReference; lastKnownFileType = sourcecode.swift; path = "Array+sortedByList.swift"; sourceTree = "<group>"; };
		79011E0129FECD2B00121A81 /* RecentSearchesStore.swift */ = {isa = PBXFileReference; lastKnownFileType = sourcecode.swift; path = RecentSearchesStore.swift; sourceTree = "<group>"; };
		79011E032A002C5900121A81 /* Coordinator.swift */ = {isa = PBXFileReference; lastKnownFileType = sourcecode.swift; path = Coordinator.swift; sourceTree = "<group>"; };
		79011E062A0052FE00121A81 /* AppCoordinator.swift */ = {isa = PBXFileReference; lastKnownFileType = sourcecode.swift; path = AppCoordinator.swift; sourceTree = "<group>"; };
		79011E082A005C1500121A81 /* MarketCoordinator.swift */ = {isa = PBXFileReference; lastKnownFileType = sourcecode.swift; path = MarketCoordinator.swift; sourceTree = "<group>"; };
		79011E0A2A03020600121A81 /* Services.swift */ = {isa = PBXFileReference; lastKnownFileType = sourcecode.swift; path = Services.swift; sourceTree = "<group>"; };
		79011E0C2A044B1F00121A81 /* AppTab.swift */ = {isa = PBXFileReference; lastKnownFileType = sourcecode.swift; path = AppTab.swift; sourceTree = "<group>"; };
		79011E362A067C1000121A81 /* WatchlistCoordinator.swift */ = {isa = PBXFileReference; lastKnownFileType = sourcecode.swift; path = WatchlistCoordinator.swift; sourceTree = "<group>"; };
		790C30C127C78E930021658F /* GreedAndFearModel.swift */ = {isa = PBXFileReference; lastKnownFileType = sourcecode.swift; path = GreedAndFearModel.swift; sourceTree = "<group>"; };
		790C30C427CEA7620021658F /* UserDefaultsService.swift */ = {isa = PBXFileReference; lastKnownFileType = sourcecode.swift; path = UserDefaultsService.swift; sourceTree = "<group>"; };
		790C350229D35FD200141887 /* ImageNames.swift */ = {isa = PBXFileReference; lastKnownFileType = sourcecode.swift; path = ImageNames.swift; sourceTree = "<group>"; };
		792223F428FD7F82001B0C8C /* CoinDetailsVC.swift */ = {isa = PBXFileReference; fileEncoding = 4; lastKnownFileType = sourcecode.swift; path = CoinDetailsVC.swift; sourceTree = "<group>"; };
		792B0FC2287B3C6C0040B461 /* WatchlistVC.swift */ = {isa = PBXFileReference; lastKnownFileType = sourcecode.swift; path = WatchlistVC.swift; sourceTree = "<group>"; };
		792B0FC4287C85EF0040B461 /* WatchlistVM.swift */ = {isa = PBXFileReference; lastKnownFileType = sourcecode.swift; path = WatchlistVM.swift; sourceTree = "<group>"; };
		792B0FC6287F03080040B461 /* PPTabBarController.swift */ = {isa = PBXFileReference; lastKnownFileType = sourcecode.swift; path = PPTabBarController.swift; sourceTree = "<group>"; };
		792C040528C14386008EE48C /* CoinDetailsVM.swift */ = {isa = PBXFileReference; lastKnownFileType = sourcecode.swift; path = CoinDetailsVM.swift; sourceTree = "<group>"; };
		792C040828C9E62B008EE48C /* RangeProgressView.swift */ = {isa = PBXFileReference; lastKnownFileType = sourcecode.swift; path = RangeProgressView.swift; sourceTree = "<group>"; };
		792C040A28CE2941008EE48C /* DetailsCell.swift */ = {isa = PBXFileReference; lastKnownFileType = sourcecode.swift; path = DetailsCell.swift; sourceTree = "<group>"; };
		792C040C28D32D5D008EE48C /* CoinDetails.swift */ = {isa = PBXFileReference; lastKnownFileType = sourcecode.swift; path = CoinDetails.swift; sourceTree = "<group>"; };
		793262C028061135005E4D2E /* GraphEntries.swift */ = {isa = PBXFileReference; lastKnownFileType = sourcecode.swift; path = GraphEntries.swift; sourceTree = "<group>"; };
		793332C6293F52C2005EE8A3 /* CustomSearchBar.swift */ = {isa = PBXFileReference; lastKnownFileType = sourcecode.swift; path = CustomSearchBar.swift; sourceTree = "<group>"; };
		793332CC2948D95B005EE8A3 /* AddTransactionCell.swift */ = {isa = PBXFileReference; lastKnownFileType = sourcecode.swift; path = AddTransactionCell.swift; sourceTree = "<group>"; };
		7934EFA3282A824E00CE7FD0 /* ResultsCell.swift */ = {isa = PBXFileReference; lastKnownFileType = sourcecode.swift; path = ResultsCell.swift; sourceTree = "<group>"; };
		7934EFA5282D141B00CE7FD0 /* SearchResponse.swift */ = {isa = PBXFileReference; lastKnownFileType = sourcecode.swift; path = SearchResponse.swift; sourceTree = "<group>"; };
		7934EFA72835172200CE7FD0 /* UIView+AddSubviews.swift */ = {isa = PBXFileReference; lastKnownFileType = sourcecode.swift; path = "UIView+AddSubviews.swift"; sourceTree = "<group>"; };
		7934EFB92841600A00CE7FD0 /* CustomProgressBar.swift */ = {isa = PBXFileReference; lastKnownFileType = sourcecode.swift; path = CustomProgressBar.swift; sourceTree = "<group>"; };
		7937CE1D28F6E30600B80C71 /* SearchVM.swift */ = {isa = PBXFileReference; lastKnownFileType = sourcecode.swift; path = SearchVM.swift; sourceTree = "<group>"; };
		79410D8C2823D3E700BD9EA4 /* UIView+Framing.swift */ = {isa = PBXFileReference; lastKnownFileType = sourcecode.swift; path = "UIView+Framing.swift"; sourceTree = "<group>"; };
		79410D8E282416C000BD9EA4 /* SearchVC.swift */ = {isa = PBXFileReference; lastKnownFileType = sourcecode.swift; path = SearchVC.swift; sourceTree = "<group>"; };
		79463E6A2A364EBF00BAE3A3 /* SearchTableSectionHeaderFactory.swift */ = {isa = PBXFileReference; lastKnownFileType = sourcecode.swift; path = SearchTableSectionHeaderFactory.swift; sourceTree = "<group>"; };
		79463E6C2A3767E100BAE3A3 /* EmptyState.swift */ = {isa = PBXFileReference; lastKnownFileType = sourcecode.swift; path = EmptyState.swift; sourceTree = "<group>"; };
		79463E6F2A38BAC800BAE3A3 /* MarketCardCellConfigurable.swift */ = {isa = PBXFileReference; lastKnownFileType = sourcecode.swift; path = MarketCardCellConfigurable.swift; sourceTree = "<group>"; };
		79463E712A38BB5D00BAE3A3 /* MarketCardCell.swift */ = {isa = PBXFileReference; lastKnownFileType = sourcecode.swift; path = MarketCardCell.swift; sourceTree = "<group>"; };
		794D7EAB2A362F2000E058C0 /* SearchTableSection.swift */ = {isa = PBXFileReference; lastKnownFileType = sourcecode.swift; path = SearchTableSection.swift; sourceTree = "<group>"; };
		7955694828773472003E8A13 /* SortOptionsCell.swift */ = {isa = PBXFileReference; lastKnownFileType = sourcecode.swift; path = SortOptionsCell.swift; sourceTree = "<group>"; };
		7955B09229DF6F8900492059 /* ImageDownloader.swift */ = {isa = PBXFileReference; lastKnownFileType = sourcecode.swift; path = ImageDownloader.swift; sourceTree = "<group>"; };
		7955B09429E0B60700492059 /* ImageCacheManager.swift */ = {isa = PBXFileReference; lastKnownFileType = sourcecode.swift; path = ImageCacheManager.swift; sourceTree = "<group>"; };
		795D95E329E8B0A4007555EF /* Router.swift */ = {isa = PBXFileReference; lastKnownFileType = sourcecode.swift; path = Router.swift; sourceTree = "<group>"; };
		795E43F52910017D0016F3C3 /* EmptyStateView.swift */ = {isa = PBXFileReference; lastKnownFileType = sourcecode.swift; path = EmptyStateView.swift; sourceTree = "<group>"; };
		7961C37328EB2A010006B9A7 /* PPError.swift */ = {isa = PBXFileReference; lastKnownFileType = sourcecode.swift; path = PPError.swift; sourceTree = "<group>"; };
		796EFA3228697A90005E24AF /* MarketCardCellVM.swift */ = {isa = PBXFileReference; lastKnownFileType = sourcecode.swift; path = MarketCardCellVM.swift; sourceTree = "<group>"; };
		796EFA39286DDD60005E24AF /* ObservableObject.swift */ = {isa = PBXFileReference; lastKnownFileType = sourcecode.swift; path = ObservableObject.swift; sourceTree = "<group>"; };
		796EFA4028733AF2005E24AF /* NetworkingService.swift */ = {isa = PBXFileReference; lastKnownFileType = sourcecode.swift; path = NetworkingService.swift; sourceTree = "<group>"; };
		796EFA442876F076005E24AF /* CryptoCurrencyCellVM.swift */ = {isa = PBXFileReference; lastKnownFileType = sourcecode.swift; path = CryptoCurrencyCellVM.swift; sourceTree = "<group>"; };
		796EFA4828770D26005E24AF /* CryptoCurrencyCell.swift */ = {isa = PBXFileReference; lastKnownFileType = sourcecode.swift; path = CryptoCurrencyCell.swift; sourceTree = "<group>"; };
		797303B2296B30560006CF76 /* PPCircularProgressBar.swift */ = {isa = PBXFileReference; lastKnownFileType = sourcecode.swift; path = PPCircularProgressBar.swift; sourceTree = "<group>"; };
		797303B4296B75450006CF76 /* PPSegmentedProgressBar.swift */ = {isa = PBXFileReference; lastKnownFileType = sourcecode.swift; path = PPSegmentedProgressBar.swift; sourceTree = "<group>"; };
		797303B6296C6A4C0006CF76 /* MarketCardBaseCell.swift */ = {isa = PBXFileReference; lastKnownFileType = sourcecode.swift; path = MarketCardBaseCell.swift; sourceTree = "<group>"; };
		797303B8296DFD700006CF76 /* Int+Radiant.swift */ = {isa = PBXFileReference; lastKnownFileType = sourcecode.swift; path = "Int+Radiant.swift"; sourceTree = "<group>"; };
		79807A6F28ECBA01000825B0 /* LineChartView+Configure.swift */ = {isa = PBXFileReference; lastKnownFileType = sourcecode.swift; path = "LineChartView+Configure.swift"; sourceTree = "<group>"; };
		7982923127E673E6007ECCCD /* UIColor+CustomColors.swift */ = {isa = PBXFileReference; lastKnownFileType = sourcecode.swift; path = "UIColor+CustomColors.swift"; sourceTree = "<group>"; };
		7982923327E678A5007ECCCD /* String+Formatters.swift */ = {isa = PBXFileReference; lastKnownFileType = sourcecode.swift; path = "String+Formatters.swift"; sourceTree = "<group>"; };
		7986A50828E5A3B900332A48 /* UIView+FadeIn.swift */ = {isa = PBXFileReference; lastKnownFileType = sourcecode.swift; path = "UIView+FadeIn.swift"; sourceTree = "<group>"; };
		798957C127F31AE00074CA38 /* GlobalData.swift */ = {isa = PBXFileReference; lastKnownFileType = sourcecode.swift; path = GlobalData.swift; sourceTree = "<group>"; };
		798957C727F479DD0074CA38 /* UIView+Shadow.swift */ = {isa = PBXFileReference; lastKnownFileType = sourcecode.swift; path = "UIView+Shadow.swift"; sourceTree = "<group>"; };
		79895E8F28DB758600087A23 /* MetricsVM.swift */ = {isa = PBXFileReference; lastKnownFileType = sourcecode.swift; path = MetricsVM.swift; sourceTree = "<group>"; };
		79895E9328DB773700087A23 /* RangeDetailsVM.swift */ = {isa = PBXFileReference; lastKnownFileType = sourcecode.swift; path = RangeDetailsVM.swift; sourceTree = "<group>"; };
		798FEF8B29F0548A0003A68D /* WatchlistDataSource.swift */ = {isa = PBXFileReference; lastKnownFileType = sourcecode.swift; path = WatchlistDataSource.swift; sourceTree = "<group>"; };
		79A5B14929803DBF0067240A /* PortfolioPerformanceTests.xctest */ = {isa = PBXFileReference; explicitFileType = wrapper.cfbundle; includeInIndex = 0; path = PortfolioPerformanceTests.xctest; sourceTree = BUILT_PRODUCTS_DIR; };
		79A5B156298276740067240A /* PPTabBarControllerTests.swift */ = {isa = PBXFileReference; lastKnownFileType = sourcecode.swift; path = PPTabBarControllerTests.swift; sourceTree = "<group>"; };
		79AAF82928FB358A009F3B85 /* SearchTableSectionHeader.swift */ = {isa = PBXFileReference; lastKnownFileType = sourcecode.swift; path = SearchTableSectionHeader.swift; sourceTree = "<group>"; };
		79AE53F52A140D4300214CB1 /* ChartInterval.swift */ = {isa = PBXFileReference; lastKnownFileType = sourcecode.swift; path = ChartInterval.swift; sourceTree = "<group>"; };
		79AE53F82A141C8800214CB1 /* CoinRepresentable.swift */ = {isa = PBXFileReference; lastKnownFileType = sourcecode.swift; path = CoinRepresentable.swift; sourceTree = "<group>"; };
		79AE53FA2A1428D300214CB1 /* SearchViewControllerDelegate.swift */ = {isa = PBXFileReference; lastKnownFileType = sourcecode.swift; path = SearchViewControllerDelegate.swift; sourceTree = "<group>"; };
		79AE54022A1648F100214CB1 /* ImageSource.swift */ = {isa = PBXFileReference; lastKnownFileType = sourcecode.swift; path = ImageSource.swift; sourceTree = "<group>"; };
		79AE54042A16B6C800214CB1 /* PPRoundedButton.swift */ = {isa = PBXFileReference; lastKnownFileType = sourcecode.swift; path = PPRoundedButton.swift; sourceTree = "<group>"; };
		79AE54082A177A7100214CB1 /* Array+SortByPrefix.swift */ = {isa = PBXFileReference; lastKnownFileType = sourcecode.swift; path = "Array+SortByPrefix.swift"; sourceTree = "<group>"; };
		79CF41BE28EEFF7E00CA9F51 /* MarketVM.swift */ = {isa = PBXFileReference; lastKnownFileType = sourcecode.swift; path = MarketVM.swift; sourceTree = "<group>"; };
		79CFFCA52A26A59900E1E58A /* SearchBarState.swift */ = {isa = PBXFileReference; lastKnownFileType = sourcecode.swift; path = SearchBarState.swift; sourceTree = "<group>"; };
		79CFFCAB2A26B1D500E1E58A /* SearchTableDataSource.swift */ = {isa = PBXFileReference; lastKnownFileType = sourcecode.swift; path = SearchTableDataSource.swift; sourceTree = "<group>"; };
		79CFFCAF2A274D5C00E1E58A /* MockMarketData.json */ = {isa = PBXFileReference; fileEncoding = 4; lastKnownFileType = text.json; path = MockMarketData.json; sourceTree = "<group>"; };
		79D5B8E328EDB85100178402 /* CustomAlert.swift */ = {isa = PBXFileReference; lastKnownFileType = sourcecode.swift; path = CustomAlert.swift; sourceTree = "<group>"; };
		79D5B8E528EEDABC00178402 /* UINavigationController+ShowAlert.swift */ = {isa = PBXFileReference; lastKnownFileType = sourcecode.swift; path = "UINavigationController+ShowAlert.swift"; sourceTree = "<group>"; };
		79D5B8E728EEE3FF00178402 /* PPButton.swift */ = {isa = PBXFileReference; lastKnownFileType = sourcecode.swift; path = PPButton.swift; sourceTree = "<group>"; };
		79D5C6D228DC75060018B133 /* DetailsCellVM.swift */ = {isa = PBXFileReference; lastKnownFileType = sourcecode.swift; path = DetailsCellVM.swift; sourceTree = "<group>"; };
		79E2165D2A3E260E0091DA4D /* MarketCompositionalLayout.swift */ = {isa = PBXFileReference; lastKnownFileType = sourcecode.swift; path = MarketCompositionalLayout.swift; sourceTree = "<group>"; };
		79E216932A42F6330091DA4D /* MarketSection.swift */ = {isa = PBXFileReference; lastKnownFileType = sourcecode.swift; path = MarketSection.swift; sourceTree = "<group>"; };
		79E216952A42F6830091DA4D /* MarketDataSource.swift */ = {isa = PBXFileReference; lastKnownFileType = sourcecode.swift; path = MarketDataSource.swift; sourceTree = "<group>"; };
		79E216972A42FD000091DA4D /* MarketItem.swift */ = {isa = PBXFileReference; lastKnownFileType = sourcecode.swift; path = MarketItem.swift; sourceTree = "<group>"; };
		79E216992A430C780091DA4D /* CryptoCurrencyCollectionViewCell.swift */ = {isa = PBXFileReference; lastKnownFileType = sourcecode.swift; path = CryptoCurrencyCollectionViewCell.swift; sourceTree = "<group>"; };
		79E2169B2A43425F0091DA4D /* SortSectionHeader.swift */ = {isa = PBXFileReference; lastKnownFileType = sourcecode.swift; path = SortSectionHeader.swift; sourceTree = "<group>"; };
		79E216A12A4646030091DA4D /* RoundedBackgroundView.swift */ = {isa = PBXFileReference; lastKnownFileType = sourcecode.swift; path = RoundedBackgroundView.swift; sourceTree = "<group>"; };
		79E216A32A4756A20091DA4D /* TabBarReselectHandler.swift */ = {isa = PBXFileReference; lastKnownFileType = sourcecode.swift; path = TabBarReselectHandler.swift; sourceTree = "<group>"; };
		79E7A21628E5FAF000BD5CB0 /* MarketVC.swift */ = {isa = PBXFileReference; fileEncoding = 4; lastKnownFileType = sourcecode.swift; path = MarketVC.swift; sourceTree = "<group>"; };
		79EAFD1627B3DCD9008A6062 /* PortfolioPerformance.app */ = {isa = PBXFileReference; explicitFileType = wrapper.application; includeInIndex = 0; path = PortfolioPerformance.app; sourceTree = BUILT_PRODUCTS_DIR; };
		79EAFD1927B3DCDA008A6062 /* AppDelegate.swift */ = {isa = PBXFileReference; lastKnownFileType = sourcecode.swift; path = AppDelegate.swift; sourceTree = "<group>"; };
		79EAFD1B27B3DCDA008A6062 /* SceneDelegate.swift */ = {isa = PBXFileReference; lastKnownFileType = sourcecode.swift; path = SceneDelegate.swift; sourceTree = "<group>"; };
		79EAFD2527B3DCDE008A6062 /* Assets.xcassets */ = {isa = PBXFileReference; lastKnownFileType = folder.assetcatalog; path = Assets.xcassets; sourceTree = "<group>"; };
		79EAFD2827B3DCDE008A6062 /* Base */ = {isa = PBXFileReference; lastKnownFileType = file.storyboard; name = Base; path = Base.lproj/LaunchScreen.storyboard; sourceTree = "<group>"; };
		79EAFD2A27B3DCDE008A6062 /* Info.plist */ = {isa = PBXFileReference; lastKnownFileType = text.plist.xml; path = Info.plist; sourceTree = "<group>"; };
		79EAFD3427B3FDC7008A6062 /* CoinModel.swift */ = {isa = PBXFileReference; lastKnownFileType = sourcecode.swift; path = CoinModel.swift; sourceTree = "<group>"; };
		79EC45B428F0B9DC006A849A /* CustomSegmentedControl.swift */ = {isa = PBXFileReference; lastKnownFileType = sourcecode.swift; path = CustomSegmentedControl.swift; sourceTree = "<group>"; };
		79F654EB297037F50080DEBB /* PPTextLabel.swift */ = {isa = PBXFileReference; lastKnownFileType = sourcecode.swift; path = PPTextLabel.swift; sourceTree = "<group>"; };
		79F654ED297064B90080DEBB /* MarketCardGreedAndFearCell.swift */ = {isa = PBXFileReference; lastKnownFileType = sourcecode.swift; path = MarketCardGreedAndFearCell.swift; sourceTree = "<group>"; };
		79F654EF297340670080DEBB /* MarketCardMetricCell.swift */ = {isa = PBXFileReference; lastKnownFileType = sourcecode.swift; path = MarketCardMetricCell.swift; sourceTree = "<group>"; };
		79FAD73529EDB39800374272 /* PPMarketSort.swift */ = {isa = PBXFileReference; lastKnownFileType = sourcecode.swift; path = PPMarketSort.swift; sourceTree = "<group>"; };
		B8B5BAB03702C474AC2D3057 /* Pods-PortfolioPerformance.release.xcconfig */ = {isa = PBXFileReference; includeInIndex = 1; lastKnownFileType = text.xcconfig; name = "Pods-PortfolioPerformance.release.xcconfig"; path = "Target Support Files/Pods-PortfolioPerformance/Pods-PortfolioPerformance.release.xcconfig"; sourceTree = "<group>"; };
		DAF2DF6FAD6F9CBBDD1DF765 /* Pods-PortfolioPerformance.debug.xcconfig */ = {isa = PBXFileReference; includeInIndex = 1; lastKnownFileType = text.xcconfig; name = "Pods-PortfolioPerformance.debug.xcconfig"; path = "Target Support Files/Pods-PortfolioPerformance/Pods-PortfolioPerformance.debug.xcconfig"; sourceTree = "<group>"; };
/* End PBXFileReference section */

/* Begin PBXFrameworksBuildPhase section */
		79A5B14629803DBF0067240A /* Frameworks */ = {
			isa = PBXFrameworksBuildPhase;
			buildActionMask = 2147483647;
			files = (
			);
			runOnlyForDeploymentPostprocessing = 0;
		};
		79EAFD1327B3DCD9008A6062 /* Frameworks */ = {
			isa = PBXFrameworksBuildPhase;
			buildActionMask = 2147483647;
			files = (
				BD5BB1D85BE4860692A3E4E3 /* Pods_PortfolioPerformance.framework in Frameworks */,
			);
			runOnlyForDeploymentPostprocessing = 0;
		};
/* End PBXFrameworksBuildPhase section */

/* Begin PBXGroup section */
		79011DFA29FD8E3A00121A81 /* Persistance */ = {
			isa = PBXGroup;
			children = (
				79011E122A05998000121A81 /* DataTyoes */,
				79011DFB29FD8E5700121A81 /* WatchlistStore.swift */,
				790C30C427CEA7620021658F /* UserDefaultsService.swift */,
				79011E0129FECD2B00121A81 /* RecentSearchesStore.swift */,
			);
			path = Persistance;
			sourceTree = "<group>";
		};
		79011E052A0036F900121A81 /* Application */ = {
			isa = PBXGroup;
			children = (
				79011E132A0599A900121A81 /* DataTypes */,
				79EAFD1927B3DCDA008A6062 /* AppDelegate.swift */,
				79EAFD1B27B3DCDA008A6062 /* SceneDelegate.swift */,
				79EAFD2727B3DCDE008A6062 /* LaunchScreen.storyboard */,
				79011E062A0052FE00121A81 /* AppCoordinator.swift */,
			);
			path = Application;
			sourceTree = "<group>";
		};
		79011E102A05994C00121A81 /* Common */ = {
			isa = PBXGroup;
			children = (
				792B0FC6287F03080040B461 /* PPTabBarController.swift */,
				7982922F27E3D829007ECCCD /* Views */,
				7961C37528EB2A0D0006B9A7 /* DataTypes */,
				79011E112A05996400121A81 /* Protocols */,
			);
			path = Common;
			sourceTree = "<group>";
		};
		79011E112A05996400121A81 /* Protocols */ = {
			isa = PBXGroup;
			children = (
				79011E032A002C5900121A81 /* Coordinator.swift */,
				79AE53F82A141C8800214CB1 /* CoinRepresentable.swift */,
				79E216A32A4756A20091DA4D /* TabBarReselectHandler.swift */,
			);
			path = Protocols;
			sourceTree = "<group>";
		};
		79011E122A05998000121A81 /* DataTyoes */ = {
			isa = PBXGroup;
			children = (
				79011DFD29FD8F4E00121A81 /* PersistantDataType.swift */,
			);
			path = DataTyoes;
			sourceTree = "<group>";
		};
		79011E132A0599A900121A81 /* DataTypes */ = {
			isa = PBXGroup;
			children = (
				79011E0C2A044B1F00121A81 /* AppTab.swift */,
			);
			path = DataTypes;
			sourceTree = "<group>";
		};
		792C040728C9E5D4008EE48C /* CustomViews */ = {
			isa = PBXGroup;
			children = (
				7934EFB92841600A00CE7FD0 /* CustomProgressBar.swift */,
				79D5B8E728EEE3FF00178402 /* PPButton.swift */,
				79D5B8E328EDB85100178402 /* CustomAlert.swift */,
				79EC45B428F0B9DC006A849A /* CustomSegmentedControl.swift */,
				795E43F52910017D0016F3C3 /* EmptyStateView.swift */,
				793332C6293F52C2005EE8A3 /* CustomSearchBar.swift */,
				79F654EB297037F50080DEBB /* PPTextLabel.swift */,
				79AE54042A16B6C800214CB1 /* PPRoundedButton.swift */,
			);
			path = CustomViews;
			sourceTree = "<group>";
		};
		7934EFA2282A72DD00CE7FD0 /* Extensions */ = {
			isa = PBXGroup;
			children = (
				7986A50A28E5B02C00332A48 /* UIView */,
				79011DFF29FDA86200121A81 /* Array+sortedByList.swift */,
				79AE54082A177A7100214CB1 /* Array+SortByPrefix.swift */,
				7982923127E673E6007ECCCD /* UIColor+CustomColors.swift */,
				7982923327E678A5007ECCCD /* String+Formatters.swift */,
				79807A6F28ECBA01000825B0 /* LineChartView+Configure.swift */,
				79D5B8E528EEDABC00178402 /* UINavigationController+ShowAlert.swift */,
				797303B8296DFD700006CF76 /* Int+Radiant.swift */,
			);
			path = Extensions;
			sourceTree = "<group>";
		};
		7935579129D764DC0086C4F6 /* Views */ = {
			isa = PBXGroup;
			children = (
				792C040828C9E62B008EE48C /* RangeProgressView.swift */,
			);
			path = Views;
			sourceTree = "<group>";
		};
		7935579229D766190086C4F6 /* Views */ = {
			isa = PBXGroup;
			children = (
				79E7A21D28E5FD2800BD5CB0 /* MarketCardCells */,
				797303B2296B30560006CF76 /* PPCircularProgressBar.swift */,
				797303B4296B75450006CF76 /* PPSegmentedProgressBar.swift */,
				79E216992A430C780091DA4D /* CryptoCurrencyCollectionViewCell.swift */,
			);
			path = Views;
			sourceTree = "<group>";
		};
		7937CE1C28F6E2DB00B80C71 /* Search */ = {
			isa = PBXGroup;
			children = (
				79CFFCA72A26A5A900E1E58A /* DataTypes */,
				79AE54002A158B0000214CB1 /* Views */,
				79AE53FC2A15214F00214CB1 /* Models */,
				7937CE1D28F6E30600B80C71 /* SearchVM.swift */,
				79410D8E282416C000BD9EA4 /* SearchVC.swift */,
				79AE53FA2A1428D300214CB1 /* SearchViewControllerDelegate.swift */,
				79CFFCAB2A26B1D500E1E58A /* SearchTableDataSource.swift */,
				79463E6A2A364EBF00BAE3A3 /* SearchTableSectionHeaderFactory.swift */,
			);
			path = Search;
			sourceTree = "<group>";
		};
		79397C7227E1134C00B04EDA /* Custom Cells */ = {
			isa = PBXGroup;
			children = (
				79E7A22128E601C100BD5CB0 /* DetailsTableCell */,
				79E7A22028E6008400BD5CB0 /* CryptoCurrenciesTableCell */,
				7955694828773472003E8A13 /* SortOptionsCell.swift */,
				793332CC2948D95B005EE8A3 /* AddTransactionCell.swift */,
			);
			path = "Custom Cells";
			sourceTree = "<group>";
		};
		79410D8A2822938100BD9EA4 /* Services */ = {
			isa = PBXGroup;
			children = (
				79011DFA29FD8E3A00121A81 /* Persistance */,
				795D95E229E8AF2C007555EF /* Networking  */,
			);
			path = Services;
			sourceTree = "<group>";
		};
		79463E732A38BC4E00BAE3A3 /* DataTypes */ = {
			isa = PBXGroup;
			children = (
				79463E712A38BB5D00BAE3A3 /* MarketCardCell.swift */,
				79463E6F2A38BAC800BAE3A3 /* MarketCardCellConfigurable.swift */,
				79E216932A42F6330091DA4D /* MarketSection.swift */,
				79E216972A42FD000091DA4D /* MarketItem.swift */,
			);
			path = DataTypes;
			sourceTree = "<group>";
		};
		79463E742A39096800BAE3A3 /* ViewModels */ = {
			isa = PBXGroup;
			children = (
				79CF41BE28EEFF7E00CA9F51 /* MarketVM.swift */,
				796EFA3228697A90005E24AF /* MarketCardCellVM.swift */,
			);
			path = ViewModels;
			sourceTree = "<group>";
		};
		795D95E229E8AF2C007555EF /* Networking  */ = {
			isa = PBXGroup;
			children = (
				79AE54012A1648D800214CB1 /* DataTypes */,
				7982923027E3D87C007ECCCD /* Models */,
				796EFA4028733AF2005E24AF /* NetworkingService.swift */,
				7955B09229DF6F8900492059 /* ImageDownloader.swift */,
				7955B09429E0B60700492059 /* ImageCacheManager.swift */,
				795D95E329E8B0A4007555EF /* Router.swift */,
			);
			path = "Networking ";
			sourceTree = "<group>";
		};
		7961C37528EB2A0D0006B9A7 /* DataTypes */ = {
			isa = PBXGroup;
			children = (
				7961C37328EB2A010006B9A7 /* PPError.swift */,
				796EFA39286DDD60005E24AF /* ObservableObject.swift */,
				790C350229D35FD200141887 /* ImageNames.swift */,
				79FAD73529EDB39800374272 /* PPMarketSort.swift */,
				79011E0A2A03020600121A81 /* Services.swift */,
				79463E6C2A3767E100BAE3A3 /* EmptyState.swift */,
			);
			path = DataTypes;
			sourceTree = "<group>";
		};
		7982922F27E3D829007ECCCD /* Views */ = {
			isa = PBXGroup;
			children = (
				792C040728C9E5D4008EE48C /* CustomViews */,
				79397C7227E1134C00B04EDA /* Custom Cells */,
			);
			path = Views;
			sourceTree = "<group>";
		};
		7982923027E3D87C007ECCCD /* Models */ = {
			isa = PBXGroup;
			children = (
				790C30C127C78E930021658F /* GreedAndFearModel.swift */,
				798957C127F31AE00074CA38 /* GlobalData.swift */,
				79EAFD3427B3FDC7008A6062 /* CoinModel.swift */,
			);
			path = Models;
			sourceTree = "<group>";
		};
		7986A50A28E5B02C00332A48 /* UIView */ = {
			isa = PBXGroup;
			children = (
				79410D8C2823D3E700BD9EA4 /* UIView+Framing.swift */,
				798957C727F479DD0074CA38 /* UIView+Shadow.swift */,
				7986A50828E5A3B900332A48 /* UIView+FadeIn.swift */,
				7934EFA72835172200CE7FD0 /* UIView+AddSubviews.swift */,
			);
			path = UIView;
			sourceTree = "<group>";
		};
		79895E9228DB76A200087A23 /* CoinDetailsVMs */ = {
			isa = PBXGroup;
			children = (
				792C040528C14386008EE48C /* CoinDetailsVM.swift */,
				79895E8F28DB758600087A23 /* MetricsVM.swift */,
				79895E9328DB773700087A23 /* RangeDetailsVM.swift */,
			);
			path = CoinDetailsVMs;
			sourceTree = "<group>";
		};
		79A5B14A29803DBF0067240A /* PortfolioPerformanceTests */ = {
			isa = PBXGroup;
			children = (
				79CFFCAE2A274D1B00E1E58A /* Mock */,
				79A5B156298276740067240A /* PPTabBarControllerTests.swift */,
			);
			path = PortfolioPerformanceTests;
			sourceTree = "<group>";
		};
		79AE53F72A140DFD00214CB1 /* DataTypes */ = {
			isa = PBXGroup;
			children = (
				79AE53F52A140D4300214CB1 /* ChartInterval.swift */,
			);
			path = DataTypes;
			sourceTree = "<group>";
		};
		79AE53FC2A15214F00214CB1 /* Models */ = {
			isa = PBXGroup;
			children = (
				7934EFA5282D141B00CE7FD0 /* SearchResponse.swift */,
			);
			path = Models;
			sourceTree = "<group>";
		};
		79AE53FD2A15219C00214CB1 /* Models */ = {
			isa = PBXGroup;
			children = (
				793262C028061135005E4D2E /* GraphEntries.swift */,
				792C040C28D32D5D008EE48C /* CoinDetails.swift */,
			);
			path = Models;
			sourceTree = "<group>";
		};
		79AE54002A158B0000214CB1 /* Views */ = {
			isa = PBXGroup;
			children = (
				7934EFA3282A824E00CE7FD0 /* ResultsCell.swift */,
				79AAF82928FB358A009F3B85 /* SearchTableSectionHeader.swift */,
			);
			path = Views;
			sourceTree = "<group>";
		};
		79AE54012A1648D800214CB1 /* DataTypes */ = {
			isa = PBXGroup;
			children = (
				79AE54022A1648F100214CB1 /* ImageSource.swift */,
			);
			path = DataTypes;
			sourceTree = "<group>";
		};
		79CFFCA72A26A5A900E1E58A /* DataTypes */ = {
			isa = PBXGroup;
			children = (
				79CFFCA52A26A59900E1E58A /* SearchBarState.swift */,
				794D7EAB2A362F2000E058C0 /* SearchTableSection.swift */,
			);
			path = DataTypes;
			sourceTree = "<group>";
		};
		79CFFCAE2A274D1B00E1E58A /* Mock */ = {
			isa = PBXGroup;
			children = (
				79CFFCAF2A274D5C00E1E58A /* MockMarketData.json */,
			);
			path = Mock;
			sourceTree = "<group>";
		};
		79E216A02A4645C50091DA4D /* CompositionalLayout */ = {
			isa = PBXGroup;
			children = (
				79E2165D2A3E260E0091DA4D /* MarketCompositionalLayout.swift */,
				79E216A12A4646030091DA4D /* RoundedBackgroundView.swift */,
				79E2169B2A43425F0091DA4D /* SortSectionHeader.swift */,
			);
			path = CompositionalLayout;
			sourceTree = "<group>";
		};
		79E7A21528E5F9CD00BD5CB0 /* Scenes */ = {
			isa = PBXGroup;
			children = (
				79E7A21828E5FB4700BD5CB0 /* Market */,
				79E7A22428E602FC00BD5CB0 /* Watchlist */,
				79E7A22228E6025300BD5CB0 /* CoinDetails */,
				7937CE1C28F6E2DB00B80C71 /* Search */,
			);
			path = Scenes;
			sourceTree = "<group>";
		};
		79E7A21828E5FB4700BD5CB0 /* Market */ = {
			isa = PBXGroup;
			children = (
				79E216A02A4645C50091DA4D /* CompositionalLayout */,
				79463E732A38BC4E00BAE3A3 /* DataTypes */,
				7935579229D766190086C4F6 /* Views */,
				79463E742A39096800BAE3A3 /* ViewModels */,
				79E7A21628E5FAF000BD5CB0 /* MarketVC.swift */,
				79011E082A005C1500121A81 /* MarketCoordinator.swift */,
				79E216952A42F6830091DA4D /* MarketDataSource.swift */,
			);
			path = Market;
			sourceTree = "<group>";
		};
		79E7A21D28E5FD2800BD5CB0 /* MarketCardCells */ = {
			isa = PBXGroup;
			children = (
				797303B6296C6A4C0006CF76 /* MarketCardBaseCell.swift */,
				79F654ED297064B90080DEBB /* MarketCardGreedAndFearCell.swift */,
				79F654EF297340670080DEBB /* MarketCardMetricCell.swift */,
			);
			name = MarketCardCells;
			path = "../../../Common/Views/Custom Cells/MarketCardCells";
			sourceTree = "<group>";
		};
		79E7A22028E6008400BD5CB0 /* CryptoCurrenciesTableCell */ = {
			isa = PBXGroup;
			children = (
				796EFA4828770D26005E24AF /* CryptoCurrencyCell.swift */,
				796EFA442876F076005E24AF /* CryptoCurrencyCellVM.swift */,
			);
			path = CryptoCurrenciesTableCell;
			sourceTree = "<group>";
		};
		79E7A22128E601C100BD5CB0 /* DetailsTableCell */ = {
			isa = PBXGroup;
			children = (
				79D5C6D228DC75060018B133 /* DetailsCellVM.swift */,
				792C040A28CE2941008EE48C /* DetailsCell.swift */,
			);
			path = DetailsTableCell;
			sourceTree = "<group>";
		};
		79E7A22228E6025300BD5CB0 /* CoinDetails */ = {
			isa = PBXGroup;
			children = (
				79AE53FD2A15219C00214CB1 /* Models */,
				79AE53F72A140DFD00214CB1 /* DataTypes */,
				7935579129D764DC0086C4F6 /* Views */,
				792223F428FD7F82001B0C8C /* CoinDetailsVC.swift */,
				79895E9228DB76A200087A23 /* CoinDetailsVMs */,
			);
			path = CoinDetails;
			sourceTree = "<group>";
		};
		79E7A22428E602FC00BD5CB0 /* Watchlist */ = {
			isa = PBXGroup;
			children = (
				792B0FC2287B3C6C0040B461 /* WatchlistVC.swift */,
				792B0FC4287C85EF0040B461 /* WatchlistVM.swift */,
				798FEF8B29F0548A0003A68D /* WatchlistDataSource.swift */,
				79011E362A067C1000121A81 /* WatchlistCoordinator.swift */,
			);
			path = Watchlist;
			sourceTree = "<group>";
		};
		79EAFD0D27B3DCD9008A6062 = {
			isa = PBXGroup;
			children = (
				79EAFD1827B3DCD9008A6062 /* PortfolioPerformance */,
				79A5B14A29803DBF0067240A /* PortfolioPerformanceTests */,
				79EAFD1727B3DCD9008A6062 /* Products */,
				B0174BFFD78187AFD4C31C8F /* Pods */,
				B8012095781DB32FA4DC78B6 /* Frameworks */,
			);
			sourceTree = "<group>";
		};
		79EAFD1727B3DCD9008A6062 /* Products */ = {
			isa = PBXGroup;
			children = (
				79EAFD1627B3DCD9008A6062 /* PortfolioPerformance.app */,
				79A5B14929803DBF0067240A /* PortfolioPerformanceTests.xctest */,
			);
			name = Products;
			sourceTree = "<group>";
		};
		79EAFD1827B3DCD9008A6062 /* PortfolioPerformance */ = {
			isa = PBXGroup;
			children = (
				79011E052A0036F900121A81 /* Application */,
				79011E102A05994C00121A81 /* Common */,
				79E7A21528E5F9CD00BD5CB0 /* Scenes */,
				79410D8A2822938100BD9EA4 /* Services */,
				7934EFA2282A72DD00CE7FD0 /* Extensions */,
				79EAFD2527B3DCDE008A6062 /* Assets.xcassets */,
				79EAFD2A27B3DCDE008A6062 /* Info.plist */,
			);
			path = PortfolioPerformance;
			sourceTree = "<group>";
		};
		B0174BFFD78187AFD4C31C8F /* Pods */ = {
			isa = PBXGroup;
			children = (
				DAF2DF6FAD6F9CBBDD1DF765 /* Pods-PortfolioPerformance.debug.xcconfig */,
				B8B5BAB03702C474AC2D3057 /* Pods-PortfolioPerformance.release.xcconfig */,
			);
			path = Pods;
			sourceTree = "<group>";
		};
		B8012095781DB32FA4DC78B6 /* Frameworks */ = {
			isa = PBXGroup;
			children = (
				74D4B989C78136C941766DBA /* Pods_PortfolioPerformance.framework */,
			);
			name = Frameworks;
			sourceTree = "<group>";
		};
/* End PBXGroup section */

/* Begin PBXNativeTarget section */
		79A5B14829803DBF0067240A /* PortfolioPerformanceTests */ = {
			isa = PBXNativeTarget;
			buildConfigurationList = 79A5B15129803DC00067240A /* Build configuration list for PBXNativeTarget "PortfolioPerformanceTests" */;
			buildPhases = (
				79A5B14529803DBF0067240A /* Sources */,
				79A5B14629803DBF0067240A /* Frameworks */,
				79A5B14729803DBF0067240A /* Resources */,
			);
			buildRules = (
			);
			dependencies = (
				79A5B14E29803DBF0067240A /* PBXTargetDependency */,
			);
			name = PortfolioPerformanceTests;
			productName = PortfolioPerformanceTests;
			productReference = 79A5B14929803DBF0067240A /* PortfolioPerformanceTests.xctest */;
			productType = "com.apple.product-type.bundle.unit-test";
		};
		79EAFD1527B3DCD9008A6062 /* PortfolioPerformance */ = {
			isa = PBXNativeTarget;
			buildConfigurationList = 79EAFD2D27B3DCDE008A6062 /* Build configuration list for PBXNativeTarget "PortfolioPerformance" */;
			buildPhases = (
				5902DB1DFB94C02762D6F3EE /* [CP] Check Pods Manifest.lock */,
				79EAFD1227B3DCD9008A6062 /* Sources */,
				79EAFD1327B3DCD9008A6062 /* Frameworks */,
				79EAFD1427B3DCD9008A6062 /* Resources */,
				96C5C783078868E1A9B2DBEE /* [CP] Embed Pods Frameworks */,
			);
			buildRules = (
			);
			dependencies = (
			);
			name = PortfolioPerformance;
			productName = PortfolioPerformance;
			productReference = 79EAFD1627B3DCD9008A6062 /* PortfolioPerformance.app */;
			productType = "com.apple.product-type.application";
		};
/* End PBXNativeTarget section */

/* Begin PBXProject section */
		79EAFD0E27B3DCD9008A6062 /* Project object */ = {
			isa = PBXProject;
			attributes = {
				BuildIndependentTargetsInParallel = 1;
				LastSwiftUpdateCheck = 1400;
				LastUpgradeCheck = 1310;
				TargetAttributes = {
					79A5B14829803DBF0067240A = {
						CreatedOnToolsVersion = 14.0;
						TestTargetID = 79EAFD1527B3DCD9008A6062;
					};
					79EAFD1527B3DCD9008A6062 = {
						CreatedOnToolsVersion = 13.1;
					};
				};
			};
			buildConfigurationList = 79EAFD1127B3DCD9008A6062 /* Build configuration list for PBXProject "PortfolioPerformance" */;
			compatibilityVersion = "Xcode 13.0";
			developmentRegion = en;
			hasScannedForEncodings = 0;
			knownRegions = (
				en,
				Base,
			);
			mainGroup = 79EAFD0D27B3DCD9008A6062;
			productRefGroup = 79EAFD1727B3DCD9008A6062 /* Products */;
			projectDirPath = "";
			projectRoot = "";
			targets = (
				79EAFD1527B3DCD9008A6062 /* PortfolioPerformance */,
				79A5B14829803DBF0067240A /* PortfolioPerformanceTests */,
			);
		};
/* End PBXProject section */

/* Begin PBXResourcesBuildPhase section */
		79A5B14729803DBF0067240A /* Resources */ = {
			isa = PBXResourcesBuildPhase;
			buildActionMask = 2147483647;
			files = (
				79CFFCB12A274D5E00E1E58A /* MockMarketData.json in Resources */,
			);
			runOnlyForDeploymentPostprocessing = 0;
		};
		79EAFD1427B3DCD9008A6062 /* Resources */ = {
			isa = PBXResourcesBuildPhase;
			buildActionMask = 2147483647;
			files = (
				79EAFD2927B3DCDE008A6062 /* LaunchScreen.storyboard in Resources */,
				79CFFCB02A274D5E00E1E58A /* MockMarketData.json in Resources */,
				79EAFD2627B3DCDE008A6062 /* Assets.xcassets in Resources */,
			);
			runOnlyForDeploymentPostprocessing = 0;
		};
/* End PBXResourcesBuildPhase section */

/* Begin PBXShellScriptBuildPhase section */
		5902DB1DFB94C02762D6F3EE /* [CP] Check Pods Manifest.lock */ = {
			isa = PBXShellScriptBuildPhase;
			buildActionMask = 2147483647;
			files = (
			);
			inputFileListPaths = (
			);
			inputPaths = (
				"${PODS_PODFILE_DIR_PATH}/Podfile.lock",
				"${PODS_ROOT}/Manifest.lock",
			);
			name = "[CP] Check Pods Manifest.lock";
			outputFileListPaths = (
			);
			outputPaths = (
				"$(DERIVED_FILE_DIR)/Pods-PortfolioPerformance-checkManifestLockResult.txt",
			);
			runOnlyForDeploymentPostprocessing = 0;
			shellPath = /bin/sh;
			shellScript = "diff \"${PODS_PODFILE_DIR_PATH}/Podfile.lock\" \"${PODS_ROOT}/Manifest.lock\" > /dev/null\nif [ $? != 0 ] ; then\n    # print error to STDERR\n    echo \"error: The sandbox is not in sync with the Podfile.lock. Run 'pod install' or update your CocoaPods installation.\" >&2\n    exit 1\nfi\n# This output is used by Xcode 'outputs' to avoid re-running this script phase.\necho \"SUCCESS\" > \"${SCRIPT_OUTPUT_FILE_0}\"\n";
			showEnvVarsInLog = 0;
		};
		96C5C783078868E1A9B2DBEE /* [CP] Embed Pods Frameworks */ = {
			isa = PBXShellScriptBuildPhase;
			buildActionMask = 2147483647;
			files = (
			);
			inputFileListPaths = (
				"${PODS_ROOT}/Target Support Files/Pods-PortfolioPerformance/Pods-PortfolioPerformance-frameworks-${CONFIGURATION}-input-files.xcfilelist",
			);
			name = "[CP] Embed Pods Frameworks";
			outputFileListPaths = (
				"${PODS_ROOT}/Target Support Files/Pods-PortfolioPerformance/Pods-PortfolioPerformance-frameworks-${CONFIGURATION}-output-files.xcfilelist",
			);
			runOnlyForDeploymentPostprocessing = 0;
			shellPath = /bin/sh;
			shellScript = "\"${PODS_ROOT}/Target Support Files/Pods-PortfolioPerformance/Pods-PortfolioPerformance-frameworks.sh\"\n";
			showEnvVarsInLog = 0;
		};
/* End PBXShellScriptBuildPhase section */

/* Begin PBXSourcesBuildPhase section */
		79A5B14529803DBF0067240A /* Sources */ = {
			isa = PBXSourcesBuildPhase;
			buildActionMask = 2147483647;
			files = (
				79A5B157298276740067240A /* PPTabBarControllerTests.swift in Sources */,
			);
			runOnlyForDeploymentPostprocessing = 0;
		};
		79EAFD1227B3DCD9008A6062 /* Sources */ = {
			isa = PBXSourcesBuildPhase;
			buildActionMask = 2147483647;
			files = (
				79E216942A42F6330091DA4D /* MarketSection.swift in Sources */,
				7934EFA4282A824E00CE7FD0 /* ResultsCell.swift in Sources */,
				792C040928C9E62B008EE48C /* RangeProgressView.swift in Sources */,
				796EFA3A286DDD60005E24AF /* ObservableObject.swift in Sources */,
				79E216A22A4646030091DA4D /* RoundedBackgroundView.swift in Sources */,
				79D5B8E628EEDABC00178402 /* UINavigationController+ShowAlert.swift in Sources */,
				79F654EE297064B90080DEBB /* MarketCardGreedAndFearCell.swift in Sources */,
				79410D8F282416C000BD9EA4 /* SearchVC.swift in Sources */,
				79AE54092A177A7100214CB1 /* Array+SortByPrefix.swift in Sources */,
				7955694928773472003E8A13 /* SortOptionsCell.swift in Sources */,
				79EC45B528F0B9DC006A849A /* CustomSegmentedControl.swift in Sources */,
				792C040628C14386008EE48C /* CoinDetailsVM.swift in Sources */,
				79011E092A005C1500121A81 /* MarketCoordinator.swift in Sources */,
				79011E0029FDA86200121A81 /* Array+sortedByList.swift in Sources */,
				7934EFA82835172200CE7FD0 /* UIView+AddSubviews.swift in Sources */,
				793332CD2948D95B005EE8A3 /* AddTransactionCell.swift in Sources */,
				798957C227F31AE00074CA38 /* GlobalData.swift in Sources */,
				798957C827F479DD0074CA38 /* UIView+Shadow.swift in Sources */,
				797303B7296C6A4D0006CF76 /* MarketCardBaseCell.swift in Sources */,
				792C040D28D32D5D008EE48C /* CoinDetails.swift in Sources */,
				79EAFD1A27B3DCDA008A6062 /* AppDelegate.swift in Sources */,
				79410D8D2823D3E700BD9EA4 /* UIView+Framing.swift in Sources */,
				79F654EC297037F50080DEBB /* PPTextLabel.swift in Sources */,
				79EAFD1C27B3DCDA008A6062 /* SceneDelegate.swift in Sources */,
				798FEF8C29F0548A0003A68D /* WatchlistDataSource.swift in Sources */,
				79E2169C2A43425F0091DA4D /* SortSectionHeader.swift in Sources */,
				79011DFC29FD8E5700121A81 /* WatchlistStore.swift in Sources */,
				79E7A21728E5FAF000BD5CB0 /* MarketVC.swift in Sources */,
				797303B5296B75450006CF76 /* PPSegmentedProgressBar.swift in Sources */,
				795E43F62910017D0016F3C3 /* EmptyStateView.swift in Sources */,
				792223F528FD7F82001B0C8C /* CoinDetailsVC.swift in Sources */,
				795D95E429E8B0A4007555EF /* Router.swift in Sources */,
				790C30C227C78E930021658F /* GreedAndFearModel.swift in Sources */,
				79E216A42A4756A20091DA4D /* TabBarReselectHandler.swift in Sources */,
				79011E372A067C1000121A81 /* WatchlistCoordinator.swift in Sources */,
				79AE54032A1648F100214CB1 /* ImageSource.swift in Sources */,
				79895E9028DB758600087A23 /* MetricsVM.swift in Sources */,
				7982923427E678A5007ECCCD /* String+Formatters.swift in Sources */,
				7937CE1E28F6E30600B80C71 /* SearchVM.swift in Sources */,
				797303B9296DFD700006CF76 /* Int+Radiant.swift in Sources */,
				792B0FC3287B3C6C0040B461 /* WatchlistVC.swift in Sources */,
				7982923227E673E6007ECCCD /* UIColor+CustomColors.swift in Sources */,
				79011E042A002C5A00121A81 /* Coordinator.swift in Sources */,
				793262C128061136005E4D2E /* GraphEntries.swift in Sources */,
				7961C37428EB2A010006B9A7 /* PPError.swift in Sources */,
				79AE54052A16B6C800214CB1 /* PPRoundedButton.swift in Sources */,
				79FAD73629EDB39800374272 /* PPMarketSort.swift in Sources */,
				79AE53F62A140D4300214CB1 /* ChartInterval.swift in Sources */,
				79011E0229FECD2B00121A81 /* RecentSearchesStore.swift in Sources */,
				7955B09329DF6F8A00492059 /* ImageDownloader.swift in Sources */,
				79463E702A38BAC800BAE3A3 /* MarketCardCellConfigurable.swift in Sources */,
				796EFA4928770D26005E24AF /* CryptoCurrencyCell.swift in Sources */,
				79463E6B2A364EBF00BAE3A3 /* SearchTableSectionHeaderFactory.swift in Sources */,
				79E216982A42FD000091DA4D /* MarketItem.swift in Sources */,
				7955B09529E0B60700492059 /* ImageCacheManager.swift in Sources */,
				79011E072A0052FE00121A81 /* AppCoordinator.swift in Sources */,
				79011E0B2A03020600121A81 /* Services.swift in Sources */,
				79CF41BF28EEFF7E00CA9F51 /* MarketVM.swift in Sources */,
				79463E722A38BB5D00BAE3A3 /* MarketCardCell.swift in Sources */,
				790C350329D35FD200141887 /* ImageNames.swift in Sources */,
				79AAF82A28FB358A009F3B85 /* SearchTableSectionHeader.swift in Sources */,
				79CFFCA62A26A59900E1E58A /* SearchBarState.swift in Sources */,
				79E2165E2A3E260E0091DA4D /* MarketCompositionalLayout.swift in Sources */,
				793332C7293F52C2005EE8A3 /* CustomSearchBar.swift in Sources */,
				79D5B8E428EDB85100178402 /* CustomAlert.swift in Sources */,
				79E2169A2A430C780091DA4D /* CryptoCurrencyCollectionViewCell.swift in Sources */,
				797303B3296B30560006CF76 /* PPCircularProgressBar.swift in Sources */,
				79AE53F92A141C8800214CB1 /* CoinRepresentable.swift in Sources */,
				792B0FC5287C85EF0040B461 /* WatchlistVM.swift in Sources */,
				792B0FC7287F03080040B461 /* PPTabBarController.swift in Sources */,
				792C040B28CE2941008EE48C /* DetailsCell.swift in Sources */,
				79895E9428DB773700087A23 /* RangeDetailsVM.swift in Sources */,
				79EAFD3527B3FDC8008A6062 /* CoinModel.swift in Sources */,
				7934EFBA2841600A00CE7FD0 /* CustomProgressBar.swift in Sources */,
				7934EFA6282D141B00CE7FD0 /* SearchResponse.swift in Sources */,
				790C30C527CEA7620021658F /* UserDefaultsService.swift in Sources */,
				79F654F0297340670080DEBB /* MarketCardMetricCell.swift in Sources */,
				79E216962A42F6830091DA4D /* MarketDataSource.swift in Sources */,
				796EFA452876F076005E24AF /* CryptoCurrencyCellVM.swift in Sources */,
				79463E6D2A3767E100BAE3A3 /* EmptyState.swift in Sources */,
				796EFA3328697A91005E24AF /* MarketCardCellVM.swift in Sources */,
				7986A50928E5A3B900332A48 /* UIView+FadeIn.swift in Sources */,
				79011E0D2A044B2000121A81 /* AppTab.swift in Sources */,
				79807A7028ECBA01000825B0 /* LineChartView+Configure.swift in Sources */,
				79011DFE29FD8F4E00121A81 /* PersistantDataType.swift in Sources */,
				79D5C6D328DC75060018B133 /* DetailsCellVM.swift in Sources */,
				79AE53FB2A1428D300214CB1 /* SearchViewControllerDelegate.swift in Sources */,
				796EFA4128733AF2005E24AF /* NetworkingService.swift in Sources */,
				79CFFCAC2A26B1D500E1E58A /* SearchTableDataSource.swift in Sources */,
				794D7EAC2A362F2000E058C0 /* SearchTableSection.swift in Sources */,
				79D5B8E828EEE3FF00178402 /* PPButton.swift in Sources */,
			);
			runOnlyForDeploymentPostprocessing = 0;
		};
/* End PBXSourcesBuildPhase section */

/* Begin PBXTargetDependency section */
		79A5B14E29803DBF0067240A /* PBXTargetDependency */ = {
			isa = PBXTargetDependency;
			target = 79EAFD1527B3DCD9008A6062 /* PortfolioPerformance */;
			targetProxy = 79A5B14D29803DBF0067240A /* PBXContainerItemProxy */;
		};
/* End PBXTargetDependency section */

/* Begin PBXVariantGroup section */
		79EAFD2727B3DCDE008A6062 /* LaunchScreen.storyboard */ = {
			isa = PBXVariantGroup;
			children = (
				79EAFD2827B3DCDE008A6062 /* Base */,
			);
			name = LaunchScreen.storyboard;
			sourceTree = "<group>";
		};
/* End PBXVariantGroup section */

/* Begin XCBuildConfiguration section */
		79A5B14F29803DC00067240A /* Debug */ = {
			isa = XCBuildConfiguration;
			buildSettings = {
				BUNDLE_LOADER = "$(TEST_HOST)";
				CLANG_CXX_LANGUAGE_STANDARD = "gnu++20";
				CODE_SIGN_STYLE = Automatic;
				CURRENT_PROJECT_VERSION = 1;
				DEVELOPMENT_TEAM = B9D9FYA643;
				GENERATE_INFOPLIST_FILE = YES;
				IPHONEOS_DEPLOYMENT_TARGET = 16.0;
				MARKETING_VERSION = 1.0;
				PRODUCT_BUNDLE_IDENTIFIER = com.sandorsuszta.PortfolioPerformanceTests;
				PRODUCT_NAME = "$(TARGET_NAME)";
				SWIFT_EMIT_LOC_STRINGS = NO;
				SWIFT_VERSION = 5.0;
				TARGETED_DEVICE_FAMILY = "1,2";
				TEST_HOST = "$(BUILT_PRODUCTS_DIR)/PortfolioPerformance.app/$(BUNDLE_EXECUTABLE_FOLDER_PATH)/PortfolioPerformance";
			};
			name = Debug;
		};
		79A5B15029803DC00067240A /* Release */ = {
			isa = XCBuildConfiguration;
			buildSettings = {
				BUNDLE_LOADER = "$(TEST_HOST)";
				CLANG_CXX_LANGUAGE_STANDARD = "gnu++20";
				CODE_SIGN_STYLE = Automatic;
				CURRENT_PROJECT_VERSION = 1;
				DEVELOPMENT_TEAM = B9D9FYA643;
				GENERATE_INFOPLIST_FILE = YES;
				IPHONEOS_DEPLOYMENT_TARGET = 16.0;
				MARKETING_VERSION = 1.0;
				PRODUCT_BUNDLE_IDENTIFIER = com.sandorsuszta.PortfolioPerformanceTests;
				PRODUCT_NAME = "$(TARGET_NAME)";
				SWIFT_EMIT_LOC_STRINGS = NO;
				SWIFT_VERSION = 5.0;
				TARGETED_DEVICE_FAMILY = "1,2";
				TEST_HOST = "$(BUILT_PRODUCTS_DIR)/PortfolioPerformance.app/$(BUNDLE_EXECUTABLE_FOLDER_PATH)/PortfolioPerformance";
			};
			name = Release;
		};
		79EAFD2B27B3DCDE008A6062 /* Debug */ = {
			isa = XCBuildConfiguration;
			buildSettings = {
				ALWAYS_SEARCH_USER_PATHS = NO;
				CLANG_ANALYZER_NONNULL = YES;
				CLANG_ANALYZER_NUMBER_OBJECT_CONVERSION = YES_AGGRESSIVE;
				CLANG_CXX_LANGUAGE_STANDARD = "gnu++17";
				CLANG_CXX_LIBRARY = "libc++";
				CLANG_ENABLE_MODULES = YES;
				CLANG_ENABLE_OBJC_ARC = YES;
				CLANG_ENABLE_OBJC_WEAK = YES;
				CLANG_WARN_BLOCK_CAPTURE_AUTORELEASING = YES;
				CLANG_WARN_BOOL_CONVERSION = YES;
				CLANG_WARN_COMMA = YES;
				CLANG_WARN_CONSTANT_CONVERSION = YES;
				CLANG_WARN_DEPRECATED_OBJC_IMPLEMENTATIONS = YES;
				CLANG_WARN_DIRECT_OBJC_ISA_USAGE = YES_ERROR;
				CLANG_WARN_DOCUMENTATION_COMMENTS = YES;
				CLANG_WARN_EMPTY_BODY = YES;
				CLANG_WARN_ENUM_CONVERSION = YES;
				CLANG_WARN_INFINITE_RECURSION = YES;
				CLANG_WARN_INT_CONVERSION = YES;
				CLANG_WARN_NON_LITERAL_NULL_CONVERSION = YES;
				CLANG_WARN_OBJC_IMPLICIT_RETAIN_SELF = YES;
				CLANG_WARN_OBJC_LITERAL_CONVERSION = YES;
				CLANG_WARN_OBJC_ROOT_CLASS = YES_ERROR;
				CLANG_WARN_QUOTED_INCLUDE_IN_FRAMEWORK_HEADER = YES;
				CLANG_WARN_RANGE_LOOP_ANALYSIS = YES;
				CLANG_WARN_STRICT_PROTOTYPES = YES;
				CLANG_WARN_SUSPICIOUS_MOVE = YES;
				CLANG_WARN_UNGUARDED_AVAILABILITY = YES_AGGRESSIVE;
				CLANG_WARN_UNREACHABLE_CODE = YES;
				CLANG_WARN__DUPLICATE_METHOD_MATCH = YES;
				COPY_PHASE_STRIP = NO;
				DEBUG_INFORMATION_FORMAT = dwarf;
				ENABLE_STRICT_OBJC_MSGSEND = YES;
				ENABLE_TESTABILITY = YES;
				GCC_C_LANGUAGE_STANDARD = gnu11;
				GCC_DYNAMIC_NO_PIC = NO;
				GCC_NO_COMMON_BLOCKS = YES;
				GCC_OPTIMIZATION_LEVEL = 0;
				GCC_PREPROCESSOR_DEFINITIONS = (
					"DEBUG=1",
					"$(inherited)",
				);
				GCC_WARN_64_TO_32_BIT_CONVERSION = YES;
				GCC_WARN_ABOUT_RETURN_TYPE = YES_ERROR;
				GCC_WARN_UNDECLARED_SELECTOR = YES;
				GCC_WARN_UNINITIALIZED_AUTOS = YES_AGGRESSIVE;
				GCC_WARN_UNUSED_FUNCTION = YES;
				GCC_WARN_UNUSED_VARIABLE = YES;
				IPHONEOS_DEPLOYMENT_TARGET = 15.0;
				MTL_ENABLE_DEBUG_INFO = INCLUDE_SOURCE;
				MTL_FAST_MATH = YES;
				ONLY_ACTIVE_ARCH = YES;
				SDKROOT = iphoneos;
				SWIFT_ACTIVE_COMPILATION_CONDITIONS = DEBUG;
				SWIFT_OPTIMIZATION_LEVEL = "-Onone";
			};
			name = Debug;
		};
		79EAFD2C27B3DCDE008A6062 /* Release */ = {
			isa = XCBuildConfiguration;
			buildSettings = {
				ALWAYS_SEARCH_USER_PATHS = NO;
				CLANG_ANALYZER_NONNULL = YES;
				CLANG_ANALYZER_NUMBER_OBJECT_CONVERSION = YES_AGGRESSIVE;
				CLANG_CXX_LANGUAGE_STANDARD = "gnu++17";
				CLANG_CXX_LIBRARY = "libc++";
				CLANG_ENABLE_MODULES = YES;
				CLANG_ENABLE_OBJC_ARC = YES;
				CLANG_ENABLE_OBJC_WEAK = YES;
				CLANG_WARN_BLOCK_CAPTURE_AUTORELEASING = YES;
				CLANG_WARN_BOOL_CONVERSION = YES;
				CLANG_WARN_COMMA = YES;
				CLANG_WARN_CONSTANT_CONVERSION = YES;
				CLANG_WARN_DEPRECATED_OBJC_IMPLEMENTATIONS = YES;
				CLANG_WARN_DIRECT_OBJC_ISA_USAGE = YES_ERROR;
				CLANG_WARN_DOCUMENTATION_COMMENTS = YES;
				CLANG_WARN_EMPTY_BODY = YES;
				CLANG_WARN_ENUM_CONVERSION = YES;
				CLANG_WARN_INFINITE_RECURSION = YES;
				CLANG_WARN_INT_CONVERSION = YES;
				CLANG_WARN_NON_LITERAL_NULL_CONVERSION = YES;
				CLANG_WARN_OBJC_IMPLICIT_RETAIN_SELF = YES;
				CLANG_WARN_OBJC_LITERAL_CONVERSION = YES;
				CLANG_WARN_OBJC_ROOT_CLASS = YES_ERROR;
				CLANG_WARN_QUOTED_INCLUDE_IN_FRAMEWORK_HEADER = YES;
				CLANG_WARN_RANGE_LOOP_ANALYSIS = YES;
				CLANG_WARN_STRICT_PROTOTYPES = YES;
				CLANG_WARN_SUSPICIOUS_MOVE = YES;
				CLANG_WARN_UNGUARDED_AVAILABILITY = YES_AGGRESSIVE;
				CLANG_WARN_UNREACHABLE_CODE = YES;
				CLANG_WARN__DUPLICATE_METHOD_MATCH = YES;
				COPY_PHASE_STRIP = NO;
				DEBUG_INFORMATION_FORMAT = "dwarf-with-dsym";
				ENABLE_NS_ASSERTIONS = NO;
				ENABLE_STRICT_OBJC_MSGSEND = YES;
				GCC_C_LANGUAGE_STANDARD = gnu11;
				GCC_NO_COMMON_BLOCKS = YES;
				GCC_WARN_64_TO_32_BIT_CONVERSION = YES;
				GCC_WARN_ABOUT_RETURN_TYPE = YES_ERROR;
				GCC_WARN_UNDECLARED_SELECTOR = YES;
				GCC_WARN_UNINITIALIZED_AUTOS = YES_AGGRESSIVE;
				GCC_WARN_UNUSED_FUNCTION = YES;
				GCC_WARN_UNUSED_VARIABLE = YES;
				IPHONEOS_DEPLOYMENT_TARGET = 15.0;
				MTL_ENABLE_DEBUG_INFO = NO;
				MTL_FAST_MATH = YES;
				SDKROOT = iphoneos;
				SWIFT_COMPILATION_MODE = wholemodule;
				SWIFT_OPTIMIZATION_LEVEL = "-O";
				VALIDATE_PRODUCT = YES;
			};
			name = Release;
		};
		79EAFD2E27B3DCDE008A6062 /* Debug */ = {
			isa = XCBuildConfiguration;
			baseConfigurationReference = DAF2DF6FAD6F9CBBDD1DF765 /* Pods-PortfolioPerformance.debug.xcconfig */;
			buildSettings = {
				ASSETCATALOG_COMPILER_APPICON_NAME = AppIcon;
				ASSETCATALOG_COMPILER_GLOBAL_ACCENT_COLOR_NAME = AccentColor;
				CODE_SIGN_IDENTITY = "Apple Development";
				CODE_SIGN_STYLE = Automatic;
				CURRENT_PROJECT_VERSION = 1;
				DEVELOPMENT_TEAM = B9D9FYA643;
				GENERATE_INFOPLIST_FILE = YES;
				INFOPLIST_FILE = PortfolioPerformance/Info.plist;
				INFOPLIST_KEY_CFBundleDisplayName = PortfolioPerfomance;
				INFOPLIST_KEY_LSApplicationCategoryType = "public.app-category.finance";
				INFOPLIST_KEY_UIApplicationSupportsIndirectInputEvents = YES;
				INFOPLIST_KEY_UILaunchStoryboardName = LaunchScreen;
				INFOPLIST_KEY_UISupportedInterfaceOrientations = UIInterfaceOrientationPortrait;
				INFOPLIST_KEY_UISupportedInterfaceOrientations_iPad = "UIInterfaceOrientationLandscapeLeft UIInterfaceOrientationLandscapeRight UIInterfaceOrientationPortrait UIInterfaceOrientationPortraitUpsideDown";
				IPHONEOS_DEPLOYMENT_TARGET = 16.0;
				LD_RUNPATH_SEARCH_PATHS = (
					"$(inherited)",
					"@executable_path/Frameworks",
				);
				MARKETING_VERSION = 1.32;
				PRODUCT_BUNDLE_IDENTIFIER = com.sandorsuszta.PortfolioPerformance;
				PRODUCT_NAME = "$(TARGET_NAME)";
				PROVISIONING_PROFILE_SPECIFIER = "";
				SUPPORTED_PLATFORMS = "iphoneos iphonesimulator";
				SUPPORTS_MACCATALYST = NO;
				SUPPORTS_MAC_DESIGNED_FOR_IPHONE_IPAD = NO;
				SWIFT_EMIT_LOC_STRINGS = YES;
				SWIFT_VERSION = 5.0;
				TARGETED_DEVICE_FAMILY = 1;
			};
			name = Debug;
		};
		79EAFD2F27B3DCDE008A6062 /* Release */ = {
			isa = XCBuildConfiguration;
			baseConfigurationReference = B8B5BAB03702C474AC2D3057 /* Pods-PortfolioPerformance.release.xcconfig */;
			buildSettings = {
				ASSETCATALOG_COMPILER_APPICON_NAME = AppIcon;
				ASSETCATALOG_COMPILER_GLOBAL_ACCENT_COLOR_NAME = AccentColor;
				CODE_SIGN_IDENTITY = "Apple Development";
				CODE_SIGN_STYLE = Automatic;
				CURRENT_PROJECT_VERSION = 1;
				DEVELOPMENT_TEAM = B9D9FYA643;
				GENERATE_INFOPLIST_FILE = YES;
				INFOPLIST_FILE = PortfolioPerformance/Info.plist;
				INFOPLIST_KEY_CFBundleDisplayName = PortfolioPerfomance;
				INFOPLIST_KEY_LSApplicationCategoryType = "public.app-category.finance";
				INFOPLIST_KEY_UIApplicationSupportsIndirectInputEvents = YES;
				INFOPLIST_KEY_UILaunchStoryboardName = LaunchScreen;
				INFOPLIST_KEY_UISupportedInterfaceOrientations = UIInterfaceOrientationPortrait;
				INFOPLIST_KEY_UISupportedInterfaceOrientations_iPad = "UIInterfaceOrientationLandscapeLeft UIInterfaceOrientationLandscapeRight UIInterfaceOrientationPortrait UIInterfaceOrientationPortraitUpsideDown";
				IPHONEOS_DEPLOYMENT_TARGET = 16.0;
				LD_RUNPATH_SEARCH_PATHS = (
					"$(inherited)",
					"@executable_path/Frameworks",
				);
				MARKETING_VERSION = 1.32;
				PRODUCT_BUNDLE_IDENTIFIER = com.sandorsuszta.PortfolioPerformance;
				PRODUCT_NAME = "$(TARGET_NAME)";
				PROVISIONING_PROFILE_SPECIFIER = "";
				SUPPORTED_PLATFORMS = "iphoneos iphonesimulator";
				SUPPORTS_MACCATALYST = NO;
				SUPPORTS_MAC_DESIGNED_FOR_IPHONE_IPAD = NO;
				SWIFT_EMIT_LOC_STRINGS = YES;
				SWIFT_VERSION = 5.0;
				TARGETED_DEVICE_FAMILY = 1;
			};
			name = Release;
		};
/* End XCBuildConfiguration section */

/* Begin XCConfigurationList section */
		79A5B15129803DC00067240A /* Build configuration list for PBXNativeTarget "PortfolioPerformanceTests" */ = {
			isa = XCConfigurationList;
			buildConfigurations = (
				79A5B14F29803DC00067240A /* Debug */,
				79A5B15029803DC00067240A /* Release */,
			);
			defaultConfigurationIsVisible = 0;
			defaultConfigurationName = Release;
		};
		79EAFD1127B3DCD9008A6062 /* Build configuration list for PBXProject "PortfolioPerformance" */ = {
			isa = XCConfigurationList;
			buildConfigurations = (
				79EAFD2B27B3DCDE008A6062 /* Debug */,
				79EAFD2C27B3DCDE008A6062 /* Release */,
			);
			defaultConfigurationIsVisible = 0;
			defaultConfigurationName = Release;
		};
		79EAFD2D27B3DCDE008A6062 /* Build configuration list for PBXNativeTarget "PortfolioPerformance" */ = {
			isa = XCConfigurationList;
			buildConfigurations = (
				79EAFD2E27B3DCDE008A6062 /* Debug */,
				79EAFD2F27B3DCDE008A6062 /* Release */,
			);
			defaultConfigurationIsVisible = 0;
			defaultConfigurationName = Release;
		};
/* End XCConfigurationList section */
	};
	rootObject = 79EAFD0E27B3DCD9008A6062 /* Project object */;
}
